{
  "name": "qvo-tech",
  "version": "0.0.0",
  "lockfileVersion": 3,
  "requires": true,
  "packages": {
    "": {
      "name": "qvo-tech",
      "version": "0.0.0",
      "workspaces": [
        "packages/*"
      ],
      "dependencies": {
        "lucide-react": "^1.28.0",
        "react": "^19.2.8",
        "react-dom": "^19.2.8"
      },
      "devDependencies": {
        "@types/react": "^19.2.18",
        "@types/react-dom": "^19.2.4",
        "@vitejs/plugin-react": "^6.0.5",
        "autoprefixer": "^10.5.4",
        "postcss": "^8.5.25",
        "tailwindcss": "^3.4.19",
        "typescript": "^7.0.2",
        "vite": "^8.2.0"
      }
    },
    "node_modules/@alloc/quick-lru": {
      "version": "5.2.0",
      "dev": true,
      "license": "MIT",
      "engines": {
        "node": ">=10"
      },
      "funding": {
        "url": "https://github.com/sponsors/sindresorhus"
      }
    },
    "node_modules/@jridgewell/gen-mapping": {
      "version": "0.3.13",
      "dev": true,
      "license": "MIT",
      "dependencies": {
        "@jridgewell/sourcemap-codec": "^1.5.0",
        "@jridgewell/trace-mapping": "^0.3.24"
      }
    },
    "node_modules/@jridgewell/resolve-uri": {
      "version": "3.1.2",
      "dev": true,
      "license": "MIT",
      "engines": {
        "node": ">=6.0.0"
      }
    },
    "node_modules/@jridgewell/sourcemap-codec": {
      "version": "1.5.5",
      "dev": true,
      "license": "MIT"
    },
    "node_modules/@jridgewell/trace-mapping": {
      "version": "0.3.31",
      "dev": true,
      "license": "MIT",
      "dependencies": {
        "@jridgewell/resolve-uri": "^3.1.0",
        "@jridgewell/sourcemap-codec": "^1.4.14"
      }
    },
    "node_modules/@nodelib/fs.scandir": {
      "version": "2.1.5",
      "dev": true,
      "license": "MIT",
      "dependencies": {
        "@nodelib/fs.stat": "2.0.5",
        "run-parallel": "^1.1.9"
      },
      "engines": {
        "node": ">= 8"
      }
    },
    "node_modules/@nodelib/fs.stat": {
      "version": "2.0.5",
      "dev": true,
      "license": "MIT",
      "engines": {
        "node": ">= 8"
      }
    },
    "node_modules/@nodelib/fs.walk": {
      "version": "1.2.8",
      "dev": true,
      "license": "MIT",
      "dependencies": {
        "@nodelib/fs.scandir": "2.1.5",
        "fastq": "^1.6.0"
      },
      "engines": {
        "node": ">= 8"
      }
    },
    "node_modules/@oxc-project/types": {
      "version": "0.142.0",
      "dev": true,
      "license": "MIT",
      "funding": {
        "url": "https://github.com/sponsors/Boshen"
      }
    },
    "node_modules/@rolldown/binding-android-arm64": {
      "version": "1.2.2",
      "resolved": "https://registry.npmjs.org/@rolldown/binding-android-arm64/-/binding-android-arm64-1.2.2.tgz",
      "integrity": "sha512-l7x215OGvo1s52JWmR8U/DAVzEDWBCIbTm28aeJV/WDTSHgcKXaZTuBT0hJMs5NggilfJTW3clZVvd24yfKJxA==",
      "cpu": [
        "arm64"
      ],
      "dev": true,
      "license": "MIT",
      "optional": true,
      "os": [
        "android"
      ],
      "engines": {
        "node": "^20.19.0 || >=22.12.0"
      }
    },
    "node_modules/@rolldown/binding-darwin-arm64": {
      "version": "1.2.2",
      "resolved": "https://registry.npmjs.org/@rolldown/binding-darwin-arm64/-/binding-darwin-arm64-1.2.2.tgz",
      "integrity": "sha512-9u9Xv6c1AJZT0FfwH5vrMG5Jjcwhc1MlyrPu0XfTqkzsmqfks2M6W/o5XwAJgVVN/jHpqqngC1WevHKKTIUtIA==",
      "cpu": [
        "arm64"
      ],
      "dev": true,
      "license": "MIT",
      "optional": true,
      "os": [
        "darwin"
      ],
      "engines": {
        "node": "^20.19.0 || >=22.12.0"
      }
    },
    "node_modules/@rolldown/binding-darwin-x64": {
      "version": "1.2.2",
      "resolved": "https://registry.npmjs.org/@rolldown/binding-darwin-x64/-/binding-darwin-x64-1.2.2.tgz",
      "integrity": "sha512-9W1mbGZAfW3oqd85bhBkmpyHCCzL1TeG/zFFP3vg7b0rlly8cxOcre5nXwz+LHazCwac2MNWgPdPCHndABjpWQ==",
      "cpu": [
        "x64"
      ],
      "dev": true,
      "license": "MIT",
      "optional": true,
      "os": [
        "darwin"
      ],
      "engines": {
        "node": "^20.19.0 || >=22.12.0"
      }
    },
    "node_modules/@rolldown/binding-freebsd-x64": {
      "version": "1.2.2",
      "resolved": "https://registry.npmjs.org/@rolldown/binding-freebsd-x64/-/binding-freebsd-x64-1.2.2.tgz",
      "integrity": "sha512-0p1lhiCSCyaerFwtrdZQUx7NqGk6LQnaRKWX7tFQqwQgvX0rjM15cIkm3pax1UpEakK14C4mOxx/jSqCBdBRqQ==",
      "cpu": [
        "x64"
      ],
      "dev": true,
      "license": "MIT",
      "optional": true,
      "os": [
        "freebsd"
      ],
      "engines": {
        "node": "^20.19.0 || >=22.12.0"
      }
    },
    "node_modules/@rolldown/binding-linux-arm-gnueabihf": {
      "version": "1.2.2",
      "resolved": "https://registry.npmjs.org/@rolldown/binding-linux-arm-gnueabihf/-/binding-linux-arm-gnueabihf-1.2.2.tgz",
      "integrity": "sha512-e+cOJXrJ2L3zx6YzqPg+f6Wbk3V1cKB8bOhbaYdVYN3DdquzNdRAmrbETz1qnt5yp/c7JNlNjmITiA2cVneQ7w==",
      "cpu": [
        "arm"
      ],
      "dev": true,
      "license": "MIT",
      "optional": true,
      "os": [
        "linux"
      ],
      "engines": {
        "node": "^20.19.0 || >=22.12.0"
      }
    },
    "node_modules/@rolldown/binding-linux-arm64-gnu": {
      "version": "1.2.2",
      "resolved": "https://registry.npmjs.org/@rolldown/binding-linux-arm64-gnu/-/binding-linux-arm64-gnu-1.2.2.tgz",
      "integrity": "sha512-JsSMsj6sNat/MuhG5fnBD7QgbtpHKVe30x5/bAVirDHdhoQRXJkF6xc0Jqk8O4fiCUQAzMOoH9wZi3m60c8wtg==",
      "cpu": [
        "arm64"
      ],
      "dev": true,
      "libc": [
        "glibc"
      ],
      "license": "MIT",
      "optional": true,
      "os": [
        "linux"
      ],
      "engines": {
        "node": "^20.19.0 || >=22.12.0"
      }
    },
    "node_modules/@rolldown/binding-linux-arm64-musl": {
      "version": "1.2.2",
      "resolved": "https://registry.npmjs.org/@rolldown/binding-linux-arm64-musl/-/binding-linux-arm64-musl-1.2.2.tgz",
      "integrity": "sha512-B5G/zJdHaoJn9vD50eGHWkiWfmq8Uhi3IiLPJTzmZTrAalk1bztUikSXo0qga18ibE0IXboyeMUnhPjhAJ45wQ==",
      "cpu": [
        "arm64"
      ],
      "dev": true,
      "libc": [
        "musl"
      ],
      "license": "MIT",
      "optional": true,
      "os": [
        "linux"
      ],
      "engines": {
        "node": "^20.19.0 || >=22.12.0"
      }
    },
    "node_modules/@rolldown/binding-linux-ppc64-gnu": {
      "version": "1.2.2",
      "resolved": "https://registry.npmjs.org/@rolldown/binding-linux-ppc64-gnu/-/binding-linux-ppc64-gnu-1.2.2.tgz",
      "integrity": "sha512-6mC/awzKka8W6EoekjegpfGkjz8jXWDX63pqu/HYVpyKtZfu65Jsh4QAH3Kej3CAv/c1oGX7psTmFEbr0mDxLA==",
      "cpu": [
        "ppc64"
      ],
      "dev": true,
      "libc": [
        "glibc"
      ],
      "license": "MIT",
      "optional": true,
      "os": [
        "linux"
      ],
      "engines": {
        "node": "^20.19.0 || >=22.12.0"
      }
    },
    "node_modules/@rolldown/binding-linux-s390x-gnu": {
      "version": "1.2.2",
      "resolved": "https://registry.npmjs.org/@rolldown/binding-linux-s390x-gnu/-/binding-linux-s390x-gnu-1.2.2.tgz",
      "integrity": "sha512-412MX9fJLdA1IK28EZnc8jYv2HRTleOZgfLQumJ5zy7OeJLZlg/CETwFaXjNmGVxG51cFHpKLqb5LKvBC+HsHA==",
      "cpu": [
        "s390x"
      ],
      "dev": true,
      "libc": [
        "glibc"
      ],
      "license": "MIT",
      "optional": true,
      "os": [
        "linux"
      ],
      "engines": {
        "node": "^20.19.0 || >=22.12.0"
      }
    },
    "node_modules/@rolldown/binding-linux-x64-gnu": {
      "version": "1.2.2",
      "resolved": "https://registry.npmjs.org/@rolldown/binding-linux-x64-gnu/-/binding-linux-x64-gnu-1.2.2.tgz",
      "integrity": "sha512-Q/+HI/ToJafZ1iCqGgVQXUEkIjufHCTF0gBQ2a5o3cg7GJ2h0qyq3nvvSmU+bGda2/7ygXpTY4TM6gO9OhQ0ZA==",
      "cpu": [
        "x64"
      ],
      "dev": true,
      "libc": [
        "glibc"
      ],
      "license": "MIT",
      "optional": true,
      "os": [
        "linux"
      ],
      "engines": {
        "node": "^20.19.0 || >=22.12.0"
      }
    },
    "node_modules/@rolldown/binding-linux-x64-musl": {
      "version": "1.2.2",
      "resolved": "https://registry.npmjs.org/@rolldown/binding-linux-x64-musl/-/binding-linux-x64-musl-1.2.2.tgz",
      "integrity": "sha512-ZKp/w41n6wCvxzxQHtQSbuphfX3Y4cCvbjkKHusrLx4lh+JWLTU7StSltO/DKARISzbj368d+qUaCjI8K2wzXw==",
      "cpu": [
        "x64"
      ],
      "dev": true,
      "libc": [
        "musl"
      ],
      "license": "MIT",
      "optional": true,
      "os": [
        "linux"
      ],
      "engines": {
        "node": "^20.19.0 || >=22.12.0"
      }
    },
    "node_modules/@rolldown/binding-openharmony-arm64": {
      "version": "1.2.2",
      "resolved": "https://registry.npmjs.org/@rolldown/binding-openharmony-arm64/-/binding-openharmony-arm64-1.2.2.tgz",
      "integrity": "sha512-pxE6xD4KS3eAROkKK5yrhB9/3+vhlhVGMvlQLbdpzrBGDbKrnzx3RLwPaHvasLo6jgaiBLn7e04Df9C4tYhjmA==",
      "cpu": [
        "arm64"
      ],
      "dev": true,
      "license": "MIT",
      "optional": true,
      "os": [
        "openharmony"
      ],
      "engines": {
        "node": "^20.19.0 || >=22.12.0"
      }
    },
    "node_modules/@rolldown/binding-win32-arm64-msvc": {
      "version": "1.2.2",
      "resolved": "https://registry.npmjs.org/@rolldown/binding-win32-arm64-msvc/-/binding-win32-arm64-msvc-1.2.2.tgz",
      "integrity": "sha512-4MqEue5re+xIZzAWsB8sj0P1kqZySWqIuN4t6QaIO/YA6SFwySOLruvWQFzfmqk8LBK2P30KCSJwf6mJCZZ5/A==",
      "cpu": [
        "arm64"
      ],
      "dev": true,
      "license": "MIT",
      "optional": true,
      "os": [
        "win32"
      ],
      "engines": {
        "node": "^20.19.0 || >=22.12.0"
      }
    },
    "node_modules/@rolldown/binding-win32-x64-msvc": {
      "version": "1.2.2",
      "cpu": [
        "x64"
      ],
      "dev": true,
      "license": "MIT",
      "optional": true,
      "os": [
        "win32"
      ],
      "engines": {
        "node": "^20.19.0 || >=22.12.0"
      }
    },
    "node_modules/@rolldown/pluginutils": {
      "version": "1.0.1",
      "dev": true,
      "license": "MIT"
    },
    "node_modules/@types/react": {
      "version": "19.2.18",
      "dev": true,
      "license": "MIT",
      "dependencies": {
        "csstype": "^3.2.2"
      }
    },
    "node_modules/@types/react-dom": {
      "version": "19.2.4",
      "dev": true,
      "license": "MIT",
      "peerDependencies": {
        "@types/react": "^19.2.0"
      }
    },
    "node_modules/@typescript/typescript-aix-ppc64": {
      "version": "7.0.2",
      "resolved": "https://registry.npmjs.org/@typescript/typescript-aix-ppc64/-/typescript-aix-ppc64-7.0.2.tgz",
      "integrity": "sha512-MTKKkWB7p/0E9xi1d1tHtZ5PiLkGEMIq88pK2CubZjOsLtYTLqhgIgi6zepFa+9GHZ6h05NMCkQxGKiPXMxXtQ==",
      "cpu": [
        "ppc64"
      ],
      "dev": true,
      "license": "Apache-2.0",
      "optional": true,
      "os": [
        "aix"
      ],
      "engines": {
        "node": ">=16.20.0"
      }
    },
    "node_modules/@typescript/typescript-darwin-arm64": {
      "version": "7.0.2",
      "resolved": "https://registry.npmjs.org/@typescript/typescript-darwin-arm64/-/typescript-darwin-arm64-7.0.2.tgz",
      "integrity": "sha512-gowzar9MwS/aRWp6f3a4KUqzRjAZjOsmGNCM6LcTgXum+dBfgsBVMN+AgvOCCbguXyick6LJhpBszxMebJ8syA==",
      "cpu": [
        "arm64"
      ],
      "dev": true,
      "license": "Apache-2.0",
      "optional": true,
      "os": [
        "darwin"
      ],
      "engines": {
        "node": ">=16.20.0"
      }
    },
    "node_modules/@typescript/typescript-darwin-x64": {
      "version": "7.0.2",
      "resolved": "https://registry.npmjs.org/@typescript/typescript-darwin-x64/-/typescript-darwin-x64-7.0.2.tgz",
      "integrity": "sha512-SZ9xZInqApNlNGc9s0W1VSsktYSOe9cFqNOIqmN1Gs8SmkjKZYFt017G4VwPxASInODuAdbTW7sXiFUf893RgA==",
      "cpu": [
        "x64"
      ],
      "dev": true,
      "license": "Apache-2.0",
      "optional": true,
      "os": [
        "darwin"
      ],
      "engines": {
        "node": ">=16.20.0"
      }
    },
    "node_modules/@typescript/typescript-freebsd-arm64": {
      "version": "7.0.2",
      "resolved": "https://registry.npmjs.org/@typescript/typescript-freebsd-arm64/-/typescript-freebsd-arm64-7.0.2.tgz",
      "integrity": "sha512-W5NH4y/J0plIIS5b2xvTEkU7JFxyqdMAOgf+Ilhl0vHQXKO5dZoxd+C/jEtq56c4F3wk71RB4BMRQ2XdI+bwYQ==",
      "cpu": [
        "arm64"
      ],
      "dev": true,
      "license": "Apache-2.0",
      "optional": true,
      "os": [
        "freebsd"
      ],
      "engines": {
        "node": ">=16.20.0"
      }
    },
    "node_modules/@typescript/typescript-freebsd-x64": {
      "version": "7.0.2",
      "resolved": "https://registry.npmjs.org/@typescript/typescript-freebsd-x64/-/typescript-freebsd-x64-7.0.2.tgz",
      "integrity": "sha512-UMGDx5sTpzNw3WiPebH7l90IWfJggEd+egHt/q6p7/Cm3zqoV7VxkGXt+3DxPIw8CcmvAB0j3sVVfbhX+M4Tpw==",
      "cpu": [
        "x64"
      ],
      "dev": true,
      "license": "Apache-2.0",
      "optional": true,
      "os": [
        "freebsd"
      ],
      "engines": {
        "node": ">=16.20.0"
      }
    },
    "node_modules/@typescript/typescript-linux-arm": {
      "version": "7.0.2",
      "resolved": "https://registry.npmjs.org/@typescript/typescript-linux-arm/-/typescript-linux-arm-7.0.2.tgz",
      "integrity": "sha512-gffT3xPz9sR7j/YJExkyPntrI0P2EP9XbOyWzth2/Gs0RstK+90RBcO0ncXoXy/beYll1SXw846Nf2zdnEz0QQ==",
      "cpu": [
        "arm"
      ],
      "dev": true,
      "license": "Apache-2.0",
      "optional": true,
      "os": [
        "linux"
      ],
      "engines": {
        "node": ">=16.20.0"
      }
    },
    "node_modules/@typescript/typescript-linux-arm64": {
      "version": "7.0.2",
      "resolved": "https://registry.npmjs.org/@typescript/typescript-linux-arm64/-/typescript-linux-arm64-7.0.2.tgz",
      "integrity": "sha512-Qh4eU4/y3yDjnfjjyPYihMj5/ODIlmt+Bzu17OI+fiSRDW57QmU5SiN63exPRNJPKUzcc1INa1NXdrJ+MqHjUQ==",
      "cpu": [
        "arm64"
      ],
      "dev": true,
      "license": "Apache-2.0",
      "optional": true,
      "os": [
        "linux"
      ],
      "engines": {
        "node": ">=16.20.0"
      }
    },
    "node_modules/@typescript/typescript-linux-loong64": {
      "version": "7.0.2",
      "resolved": "https://registry.npmjs.org/@typescript/typescript-linux-l÷¾}¶‰žËkºwµçE¡”ˆè€‰xÄ¸À¸Àˆ°4(€€€€€€€€‰É•Í½±Ù”ˆè€‰xÄ¸Ä¸Üˆ4(€€€€€ô°4(€€€€€€‰•¹¥¹•Ìˆèì4(€€€€€€€€‰¹½‘”ˆè€ˆøôÄÐ¸À¸Àˆ4(€€€€€ô°4(€€€€€€‰Á••É•Á•¹‘•¹¥•Ìˆèì4(€€€€€€€€‰Á½ÍÑÍÌˆè€‰xà¸À¸Àˆ4(€€€€€ô4(€€€ô°4(€€€€‰¹½‘•}µ½‘Õ±•Ì½Á½ÍÑÍÌµ©Ìˆèì4(€€€€€€‰Ù•ÉÍ¥½¸ˆè€ˆÐ¸Ä¸Àˆ°4(€€€€€€‰‘•ØˆèÑÉÕ”°4(€€€€€€‰™Õ¹‘¥¹œˆèl4(€€€€€€€ì4(€€€€€€€€€€‰ÑåÁ”ˆè€‰½Á•¹½±±•Ñ¥Ù”ˆ°4(€€€€€€€€€€‰ÕÉ°ˆè€‰¡ÑÑÁÌè¼½½Á•¹½±±•Ñ¥Ù”¹½´½Á½ÍÑÍÌ¼ˆ4(€€€€€€€ô°4(€€€€€€€ì4(€€€€€€€€€€‰ÑåÁ”ˆè€‰¥Ñ¡Õˆˆ°4(€€€€€€€€€€‰ÕÉ°ˆè€‰¡ÑÑÁÌè¼½¥Ñ¡Õˆ¹½´½ÍÁ½¹Í½ÉÌ½…¤ˆ4(€€€€€€€ô4(€€€€€t°4(€€€€€€‰±¥•¹Í”ˆè€‰5%Pˆ°4(€€€€€€‰‘•Á•¹‘•¹¥•Ìˆèì4(€€€€€€€€‰…µ•±…Í”µÍÌˆè€‰xÈ¸À¸Äˆ4(€€€€€ô°4(€€€€€€‰•¹¥¹•Ìˆèì4(€€€€€€€€‰¹½‘”ˆè€‰xÄÈñðxÄÐñð€øô€ÄØˆ4(€€€€€ô°4(€€€€€€‰Á••É•Á•¹‘•¹¥•Ìˆèì4(€€€€€€€€‰Á½ÍÑÍÌˆè€‰xà¸Ð¸ÈÄˆ4(€€€€€ô4(€€€ô°4(€€€€‰¹½‘•}µ½‘Õ±•Ì½Á½ÍÑÍÌµ±½…µ½¹™¥œˆèì4(€€€€€€‰Ù•ÉÍ¥½¸ˆè€ˆØ¸À¸Äˆ°4(€€€€€€‰‘•ØˆèÑÉÕ”°4(€€€€€€‰™Õ¹‘¥¹œˆèl4(€€€€€€€ì4(€€€€€€€€€€‰ÑåÁ”ˆè€‰½Á•¹½±±•Ñ¥Ù”ˆ°4(€€€€€€€€€€‰ÕÉ°ˆè€‰¡ÑÑÁÌè¼½½Á•¹½±±•Ñ¥Ù”¹½´½Á½ÍÑÍÌ¼ˆ4(€€€€€€€ô°4(€€€€€€€ì4(€€€€€€€€€€‰ÑåÁ”ˆè€‰¥Ñ¡Õˆˆ°4(€€€€€€€€€€‰ÕÉ°ˆè€‰¡ÑÑÁÌè¼½¥Ñ¡Õˆ¹½´½ÍÁ½¹Í½ÉÌ½…¤ˆ4(€€€€€€€ô4(€€€€€t°4(€€€€€€‰±¥•¹Í”ˆè€‰5%Pˆ°4(€€€€€€‰‘•Á•¹‘•¹¥•Ìˆèì4(€€€€€€€€‰±¥±½¹™¥œˆè€‰xÌ¸Ä¸Äˆ4(€€€€€ô°4(€€€€€€‰•¹¥¹•Ìˆèì4(€€€€€€€€‰¹½‘”ˆè€ˆøô€Äàˆ4(€€€€€ô°4(€€€€€€‰Á••É•Á•¹‘•¹¥•Ìˆèì4(€€€€€€€€‰©¥Ñ¤ˆè€ˆøôÄ¸ÈÄ¸Àˆ°4(€€€€€€€€‰Á½ÍÑÍÌˆè€ˆøôà¸À¸äˆ°4(€€€€€€€€‰ÑÍàˆè€‰xÐ¸à¸Äˆ°4(€€€€€€€€‰å…µ°ˆè€‰xÈ¸Ð¸Èˆ4(€€€€€ô°4(€€€€€€‰Á••É•Á•¹‘•¹¥•Í5•Ñ„ˆèì4(€€€€€€€€‰©¥Ñ¤ˆèì4(€€€€€€€€€€‰½ÁÑ¥½¹…°ˆèÑÉÕ”4(€€€€€€€ô°4(€€€€€€€€‰Á½ÍÑÍÌˆèì4(€€€€€€€€€€‰½ÁÑ¥½¹…°ˆèÑÉÕ”4(€€€€€€€ô°4(€€€€€€€€‰ÑÍàˆèì4(€€€€€€€€€€‰½ÁÑ¥½¹…°ˆèÑÉÕ”4(€€€€€€€ô°4(€€€€€€€€‰å…µ°ˆèì4(€€€€€€€€€€‰½ÁÑ¥½¹…°ˆèÑÉÕ”4(€€€€€€€ô4(€€€€€ô4(€€€ô°4(€€€€‰¹½‘•}µ½‘Õ±•Ì½Á½ÍÑÍÌµ¹•ÍÑ•ˆèì4(€€€€€€‰Ù•ÉÍ¥½¸ˆè€ˆØ¸È¸Àˆ°4(€€€€€€‰‘•ØˆèÑÉÕ”°4(€€€€€€‰™Õ¹‘¥¹œˆèl4(€€€€€€€ì4(€€€€€€€€€€‰ÑåÁ”ˆè€‰½Á•¹½±±•Ñ¥Ù”ˆ°4(€€€€€€€€€€‰ÕÉ°ˆè€‰¡ÑÑÁÌè¼½½Á•¹½±±•Ñ¥Ù”¹½´½Á½ÍÑÍÌ¼ˆ4(€€€€€€€ô°4(€€€€€€€ì4(€€€€€€€€€€‰ÑåÁ”ˆè€‰¥Ñ¡Õˆˆ°4(€€€€€€€€€€‰ÕÉ°ˆè€‰¡ÑÑÁÌè¼½¥Ñ¡Õˆ¹½´½ÍÁ½¹Í½ÉÌ½…¤ˆ4(€€€€€€€ô4(€€€€€t°4(€€€€€€‰±¥•¹Í”ˆè€‰5%Pˆ°4(€€€€€€‰‘•Á•¹‘•¹¥•Ìˆèì4(€€€€€€€€‰Á½ÍÑÍÌµÍ•±•Ñ½ÈµÁ…ÉÍ•Èˆè€‰xØ¸Ä¸Äˆ4(€€€€€ô°4(€€€€€€‰•¹¥¹•Ìˆèì4(€€€€€€€€‰¹½‘”ˆè€ˆøôÄÈ¸Àˆ4(€€€€€ô°4(€€€€€€‰Á••É•Á•¹‘•¹¥•Ìˆèì4(€€€€€€€€‰Á½ÍÑÍÌˆè€‰xà¸È¸ÄÐˆ4(€€€€€ô4(€€€ô°4(€€€€‰¹½‘•}µ½‘Õ±•Ì½Á½ÍÑÍÌµÍ•±•Ñ½ÈµÁ…ÉÍ•Èˆèì4(€€€€€€‰Ù•ÉÍ¥½¸ˆè€ˆØ¸Ä¸Ðˆ°4(€€€€€€‰‘•ØˆèÑÉÕ”°4(€€€€€€‰±¥•¹Í”ˆè€‰5%Pˆ°4(€€€€€€‰‘•Á•¹‘•¹¥•Ìˆèì4(€€€€€€€€‰ÍÍ•ÍŒˆè€‰xÌ¸À¸Àˆ°4(€€€€€€€€‰ÕÑ¥°µ‘•ÁÉ•…Ñ”ˆè€‰xÄ¸À¸Èˆ4(€€€€€ô°4(€€€€€€‰•¹¥¹•Ìˆèì4(€€€€€€€€‰¹½‘”ˆè€ˆøôÐˆ4(€€€€€ô4(€€€ô°4(€€€€‰¹½‘•}µ½‘Õ±•Ì½Á½ÍÑÍÌµÙ…±Õ”µÁ…ÉÍ•Èˆèì4(€€€€€€‰Ù•ÉÍ¥½¸ˆè€ˆÐ¸È¸Àˆ°4(€€€€€€‰‘•ØˆèÑÉÕ”°4(€€€€€€‰±¥•¹Í”ˆè€‰5%Pˆ4(€€€ô°4(€€€€‰¹½‘•}µ½‘Õ±•Ì½ÅÕ•Õ”µµ¥É½Ñ…Í¬ˆèì4(€€€€€€‰Ù•ÉÍ¥½¸ˆè€ˆÄ¸È¸Ìˆ°4(€€€€€€‰‘•ØˆèÑÉÕ”°4(€€€€€€‰™Õ¹‘¥¹œˆèl4(€€€€€€€ì4(€€€€€€€€€€‰ÑåÁ”ˆè€‰¥Ñ¡Õˆˆ°4(€€€€€€€€€€‰ÕÉ°ˆè€‰¡ÑÑÁÌè¼½¥Ñ¡Õˆ¹½´½ÍÁ½¹Í½ÉÌ½™•É½ÍÌˆ4(€€€€€€€ô°4(€€€€€€€ì4(€€€€€€€€€€‰ÑåÁ”ˆè€‰Á…ÑÉ•½¸ˆ°4(€€€€€€€€€€‰ÕÉ°ˆè€‰¡ÑÑÁÌè¼½ÝÝÜ¹Á…ÑÉ•½¸¹½´½™•É½ÍÌˆ4(€€€€€€€ô°4(€€€€€€€ì4(€€€€€€€€€€‰ÑåÁ”ˆè€‰½¹ÍÕ±Ñ¥¹œˆ°4(€€€€€€€€€€‰ÕÉ°ˆè€‰¡ÑÑÁÌè¼½™•É½ÍÌ¹½Éœ½ÍÕÁÁ½ÉÐˆ4(€€€€€€€ô4(€€€€€t°4(€€€€€€‰±¥•¹Í”ˆè€‰5%Pˆ4(€€€ô°4(€€€€‰¹½‘•}µ½‘Õ±•Ì½É•…Ðˆèì4(€€€€€€‰Ù•ÉÍ¥½¸ˆè€ˆÄä¸È¸àˆ°4(€€€€€€‰±¥•¹Í”ˆè€‰5%Pˆ°4(€€€€€€‰•¹¥¹•Ìˆèì4(€€€€€€€€‰¹½‘”ˆè€ˆøôÀ¸ÄÀ¸Àˆ4(€€€€€ô4(€€€ô°4(€€€€‰¹½‘•}µ½‘Õ±•Ì½É•…Ðµ‘½´ˆèì4(€€€€€€‰Ù•ÉÍ¥½¸ˆè€ˆÄä¸È¸àˆ°4(€€€€€€‰±¥•¹Í”ˆè€‰5%Pˆ°4(€€€€€€‰‘•Á•¹‘•¹¥•Ìˆèì4(€€€€€€€€‰Í¡•‘Õ±•Èˆè€‰xÀ¸ÈÜ¸Àˆ4(€€€€€ô°4(€€€€€€‰Á••É•Á•¹‘•¹¥•Ìˆèì4(€€€€€€€€‰É•…Ðˆè€‰xÄä¸È¸àˆ4(€€€€€ô4(€€€ô°4(€€€€‰¹½‘•}µ½‘Õ±•Ì½É•…µ…¡”ˆèì4(€€€€€€‰Ù•ÉÍ¥½¸ˆè€ˆÄ¸À¸Àˆ°4(€€€€€€‰‘•ØˆèÑÉÕ”°4(€€€€€€‰±¥•¹Í”ˆè€‰5%Pˆ°4(€€€€€€‰‘•Á•¹‘•¹¥•Ìˆèì4(€€€€€€€€‰Á¥™äˆè€‰xÈ¸Ì¸Àˆ4(€€€€€ô4(€€€ô°4(€€€€‰¹½‘•}µ½‘Õ±•Ì½É•…‘‘¥ÉÀˆèì4(€€€€€€‰Ù•ÉÍ¥½¸ˆè€ˆÌ¸Ø¸Àˆ°4(€€€€€€‰‘•ØˆèÑÉÕ”°4(€€€€€€‰±¥•¹Í”ˆè€‰5%Pˆ°4(€€€€€€‰‘•Á•¹‘•¹¥•Ìˆèì4(€€€€€€€€‰Á¥½µ…Ñ ˆè€‰xÈ¸È¸Äˆ4(€€€€€ô°4(€€€€€€‰•¹¥¹•Ìˆèì4(€€€€€€€€‰¹½‘”ˆè€ˆøôà¸ÄÀ¸Àˆ4(€€€€€ô4(€€€ô°4(€€€€‰¹½‘•}µ½‘Õ±•Ì½É•Í½±Ù”ˆèì4(€€€€€€‰Ù•ÉÍ¥½¸ˆè€ˆÄ¸ÈÈ¸ÄÈˆ°4(€€€€€€‰‘•ØˆèÑÉÕ”°4(€€€€€€‰±¥•¹Í”ˆè€‰5%Pˆ°4(€€€€€€‰‘•Á•¹‘•¹¥•Ìˆèì4(€€€€€€€€‰•Ìµ•ÉÉ½ÉÌˆè€‰xÄ¸Ì¸Àˆ°4(€€€€€€€€‰¥Ìµ½É”µµ½‘Õ±”ˆè€‰xÈ¸ÄØ¸Äˆ°4(€€€€€€€€‰Á…Ñ µÁ…ÉÍ”ˆè€‰xÄ¸À¸Üˆ°4(€€€€€€€€‰ÍÕÁÁ½ÉÑÌµÁÉ•Í•ÉÙ”µÍåµ±¥¹­Ìµ™±…œˆè€‰xÄ¸À¸Àˆ4(€€€€€ô°4(€€€€€€‰‰¥¸ˆèì4(€€€€€€€€‰É•Í½±Ù”ˆè€‰‰¥¸½É•Í½±Ù”ˆ4(€€€€€ô°4(€€€€€€‰•¹¥¹•Ìˆèì4(€€€€€€€€‰¹½‘”ˆè€ˆøô€À¸Ðˆ4(€€€€€ô°4(€€€€€€‰™Õ¹‘¥¹œˆèì4(€€€€€€€€‰ÕÉ°ˆè€‰¡ÑÑÁÌè¼½¥Ñ¡Õˆ¹½´½ÍÁ½¹Í½ÉÌ½±©¡…Éˆˆ4(€€€€€ô4(€€€ô°4(€€€€‰¹½‘•}µ½‘Õ±•Ì½É•ÕÍ¥™äˆèì4(€€€€€€‰Ù•ÉÍ¥½¸ˆè€ˆÄ¸Ä¸Àˆ°4(€€€€€€‰‘•ØˆèÑÉÕ”°4(€€€€€€‰±¥•¹Í”ˆè€‰5%Pˆ°4(€€€€€€‰•¹¥¹•Ìˆèì4(€€€€€€€€‰¥½©Ìˆè€ˆøôÄ¸À¸Àˆ°4(€€€€€€€€‰¹½‘”ˆè€ˆøôÀ¸ÄÀ¸Àˆ4(€€€€€ô4(€€€ô°4(€€€€‰¹½‘•}µ½‘Õ±•Ì½É½±±‘½Ý¸ˆèì4(€€€€€€‰Ù•ÉÍ¥½¸ˆè€ˆÄ¸È¸Èˆ°4(€€€€€€‰‘•ØˆèÑÉÕ”°4(€€€€€€‰±¥•¹Í”ˆè€‰5%Pˆ°4(€€€€€€‰‘•Á•¹‘•¹¥•Ìˆèì4(€€€€€€€€‰½áŒµÁÉ½©•Ð½ÑåÁ•Ìˆè€ˆôÀ¸ÄÐÈ¸Àˆ°4(€€€€€€€€‰É½±±‘½Ý¸½Á±Õ¥¹ÕÑ¥±Ìˆè€‰xÄ¸À¸Àˆ4(€€€€€ô°4(€€€€€€‰‰¥¸ˆèì4(€€€€€€€€‰É½±±‘½Ý¸ˆè€‰‰¥¸½±¤¹µ©Ìˆ4(€€€€€ô°4(€€€€€€‰•¹¥¹•Ìˆèì4(€€€€€€€€‰¹½‘”ˆè€‰xÈÀ¸Ää¸Àñð€øôÈÈ¸ÄÈ¸Àˆ4(€€€€€ô°4(€€€€€€‰½ÁÑ¥½¹…±•Á•¹‘•¹¥•Ìˆèì4(€€€€€€€€‰É½±±‘½Ý¸½‰¥¹‘¥¹œµ…¹‘É½¥µ…É´ØÐˆè€ˆÄ¸È¸Èˆ°4(€€€€€€€€‰É½±±‘½Ý¸½‰¥¹‘¥¹œµ‘…ÉÝ¥¸µ…É´ØÐˆè€ˆÄ¸È¸Èˆ°4(€€€€€€€€‰É½±±‘½Ý¸½‰¥¹‘¥¹œµ‘…ÉÝ¥¸µàØÐˆè€ˆÄ¸È¸Èˆ°4(€€€€€€€€‰É½±±‘½Ý¸½‰¥¹‘¥¹œµ™É••‰ÍµàØÐˆè€ˆÄ¸È¸Èˆ°4(€€€€€€€€‰É½±±‘½Ý¸½‰¥¹‘¥¹œµ±¥¹Õàµ…É´µ¹Õ•…‰¥¡˜ˆè€ˆÄ¸È¸Èˆ°4(€€€€€€€€‰É½±±‘½Ý¸½‰¥¹‘¥¹œµ±¥¹Õàµ…É´ØÐµ¹Ôˆè€ˆÄ¸È¸Èˆ°4(€€€€€€€€‰É½±±‘½Ý¸½‰¥¹‘¥¹œµ±¥¹Õàµ…É´ØÐµµÕÍ°ˆè€ˆÄ¸È¸Èˆ°4(€€€€€€€€‰É½±±‘½Ý¸½‰¥¹‘¥¹œµ±¥¹ÕàµÁÁŒØÐµ¹Ôˆè€ˆÄ¸È¸Èˆ°4(€€€€€€€€‰É½±±‘½Ý¸½‰¥¹‘¥¹œµ±¥¹ÕàµÌÌäÁàµ¹Ôˆè€ˆÄ¸È¸Èˆ°4(€€€€€€€€‰É½±±‘½Ý¸½‰¥¹‘¥¹œµ±¥¹ÕàµàØÐµ¹Ôˆè€ˆÄ¸È¸Èˆ°4(€€€€€€€€‰É½±±‘½Ý¸½‰¥¹‘¥¹œµ±¥¹ÕàµàØÐµµÕÍ°ˆè€ˆÄ¸È¸Èˆ°4(€€€€€€€€‰É½±±‘½Ý¸½‰¥¹‘¥¹œµ½Á•¹¡…Éµ½¹äµ…É´ØÐˆè€ˆÄ¸È¸Èˆ°4(€€€€€€€€‰É½±±‘½Ý¸½‰¥¹‘¥¹œµÝ¥¸ÌÈµ…É´ØÐµµÍÙŒˆè€ˆÄ¸È¸Èˆ°4(€€€€€€€€‰É½±±‘½Ý¸½‰¥¹‘¥¹œµÝ¥¸ÌÈµàØÐµµÍÙŒˆè€ˆÄ¸È¸Èˆ4(€€€€€ô4(€€€ô°4(€€€€‰¹½‘•}µ½‘Õ±•Ì½ÉÕ¸µÁ…É…±±•°ˆèì4(€€€€€€‰Ù•ÉÍ¥½¸ˆè€ˆÄ¸È¸Àˆ°4(€€€€€€‰‘•ØˆèÑÉÕ”°4(€€€€€€‰™Õ¹‘¥¹œˆèl4(€€€€€€€ì4(€€€€€€€€€€‰ÑåÁ”ˆè€‰¥Ñ¡Õˆˆ°4(€€€€€€€€€€‰ÕÉ°ˆè€‰¡ÑÑÁÌè¼½¥Ñ¡Õˆ¹½´½ÍÁ½¹Í½ÉÌ½™•É½ÍÌˆ4(€€€€€€€ô°4(€€€€€€€ì4(€€€€€€€€€€‰ÑåÁ”ˆè€‰Á…ÑÉ•½¸ˆ°4(€€€€€€€€€€‰ÕÉ°ˆè€‰¡ÑÑÁÌè¼½ÝÝÜ¹Á…ÑÉ•½¸¹½´½™•É½ÍÌˆ4(€€€€€€€ô°4(€€€€€€€ì4(€€€€€€€€€€‰ÑåÁ”ˆè€‰½¹ÍÕ±Ñ¥¹œˆ°4(€€€€€€€€€€‰ÕÉ°ˆè€‰¡ÑÑÁÌè¼½™•É½ÍÌ¹½Éœ½ÍÕÁÁ½ÉÐˆ4(€€€€€€€ô4(€€€€€t°4(€€€€€€‰±¥•¹Í”ˆè€‰5%Pˆ°4(€€€€€€‰‘•Á•¹‘•¹¥•Ìˆèì4(€€€€€€€€‰ÅÕ•Õ”µµ¥É½Ñ…Í¬ˆè€‰xÄ¸È¸Èˆ4(€€€€€ô4(€€€ô°4(€€€€‰¹½‘•}µ½‘Õ±•Ì½Í¡•‘Õ±•Èˆèì4(€€€€€€‰Ù•ÉÍ¥½¸ˆè€ˆÀ¸ÈÜ¸Àˆ°4(€€€€€€‰±¥•¹Í”ˆè€‰5%Pˆ4(€€€ô°4(€€€€‰¹½‘•}µ½‘Õ±•Ì½ÍÉ½±°µÍÉÕˆµÙ¥‘•¼ˆèì4(€€€€€€‰É•Í½±Ù•ˆè€‰Á…­…•Ì½ÍÉ½±°µÍÉÕˆµÙ¥‘•¼ˆ°4(€€€€€€‰±¥¹¬ˆèÑÉÕ”4(€€€ô°4(€€€€‰¹½‘•}µ½‘Õ±•Ì½Í½ÕÉ”µµ…Àµ©Ìˆèì4(€€€€€€‰Ù•ÉÍ¥½¸ˆè€ˆÄ¸È¸Äˆ°4(€€€€€€‰‘•ØˆèÑÉÕ”°4(€€€€€€‰±¥•¹Í”ˆè€‰	M´Ìµ±…ÕÍ”ˆ°4(€€€€€€‰•¹¥¹•Ìˆèì4(€€€€€€€€‰¹½‘”ˆè€ˆøôÀ¸ÄÀ¸Àˆ4(€€€€€ô4(€€€ô°4(€€€€‰¹½‘•}µ½‘Õ±•Ì½ÍÕÉ…Í”ˆèì4(€€€€€€‰Ù•ÉÍ¥½¸ˆè€ˆÌ¸ÌÔ¸Äˆ°4(€€€€€€‰‘•ØˆèÑÉÕ”°4(€€€€€€‰±¥•¹Í”ˆè€‰5%Pˆ°4(€€€€€€‰‘•Á•¹‘•¹¥•Ìˆèì4(€€€€€€€€‰©É¥‘•Ý•±°½•¸µµ…ÁÁ¥¹œˆè€‰xÀ¸Ì¸Èˆ°4(€€€€€€€€‰½µµ…¹‘•Èˆè€‰xÐ¸À¸Àˆ°4(€€€€€€€€‰±¥¹•Ìµ…¹µ½±Õµ¹Ìˆè€‰xÄ¸Ä¸Øˆ°4(€€€€€€€€‰µèˆè€‰xÈ¸Ü¸Àˆ°4(€€€€€€€€‰Á¥É…Ñ•Ìˆè€‰xÐ¸À¸Äˆ°4(€€€€€€€€‰Ñ¥¹å±½‰‰äˆè€‰xÀ¸È¸ÄÄˆ°4(€€€€€€€€‰ÑÌµ¥¹Ñ•É™…”µ¡•­•Èˆè€‰xÀ¸Ä¸äˆ4(€€€€€ô°4(€€€€€€‰‰¥¸ˆèì4(€€€€€€€€‰ÍÕÉ…Í”ˆè€‰‰¥¸½ÍÕÉ…Í”ˆ°4(€€€€€€€€‰ÍÕÉ…Í”µ¹½‘”ˆè€‰‰¥¸½ÍÕÉ…Í”µ¹½‘”ˆ4(€€€€€ô°4(€€€€€€‰•¹¥¹•Ìˆèì4(€€€€€€€€‰¹½‘”ˆè€ˆøôÄØñð€ÄÐ€øôÄÐ¸ÄÜˆ4(€€€€€ô4(€€€ô°4(€€€€‰¹½‘•}µ½‘Õ±•Ì½ÍÕÁÁ½ÉÑÌµÁÉ•Í•ÉÙ”µÍåµ±¥¹­Ìµ™±…œˆèì4(€€€€€€‰Ù•ÉÍ¥½¸ˆè€ˆÄ¸À¸Àˆ°4(€€€€€€‰‘•ØˆèÑÉÕ”°4(€€€€€€‰±¥•¹Í”ˆè€‰5%Pˆ°4(€€€€€€‰•¹¥¹•Ìˆèì4(€€€€€€€€‰¹½‘”ˆè€ˆøô€À¸Ðˆ4(€€€€€ô°4(€€€€€€‰™Õ¹‘¥¹œˆèì4(€€€€€€€€‰ÕÉ°ˆè€‰¡ÑÑÁÌè¼½¥Ñ¡Õˆ¹½´½ÍÁ½¹Í½ÉÌ½±©¡…Éˆˆ4(€€€€€ô4(€€€ô°4(€€€€‰¹½‘•}µ½‘Õ±•Ì½Ñ…¥±Ý¥¹‘ÍÌˆèì4(€€€€€€‰Ù•ÉÍ¥½¸ˆè€ˆÌ¸Ð¸Ääˆ°4(€€€€€€‰‘•ØˆèÑÉÕ”°4(€€€€€€‰±¥•¹Í”ˆè€‰5%Pˆ°4(€€€€€€‰‘•Á•¹‘•¹¥•Ìˆèì4(€€€€€€€€‰…±±½Œ½ÅÕ¥¬µ±ÉÔˆè€‰xÔ¸È¸Àˆ°4(€€€€€€€€‰…Éœˆè€‰xÔ¸À¸Èˆ°4(€€€€€€€€‰¡½­¥‘…Èˆè€‰xÌ¸Ø¸Àˆ°4(€€€€€€€€‰‘¥‘å½Õµ•…¸ˆè€‰xÄ¸È¸Èˆ°4(€€€€€€€€‰‘±Øˆè€‰xÄ¸Ä¸Ìˆ°4(€€€€€€€€‰™…ÍÐµ±½ˆˆè€‰xÌ¸Ì¸Èˆ°4(€€€€€€€€‰±½ˆµÁ…É•¹Ðˆè€‰xØ¸À¸Èˆ°4(€€€€€€€€‰¥Ìµ±½ˆˆè€‰xÐ¸À¸Ìˆ°4(€€€€€€€€‰©¥Ñ¤ˆè€‰xÄ¸ÈÄ¸Üˆ°4(€€€€€€€€‰±¥±½¹™¥œˆè€‰xÌ¸Ä¸Ìˆ°4(€€€€€€€€‰µ¥É½µ…Ñ ˆè€‰xÐ¸À¸àˆ°4(€€€€€€€€‰¹½Éµ…±¥é”µÁ…Ñ ˆè€‰xÌ¸À¸Àˆ°4(€€€€€€€€‰½‰©•Ðµ¡…Í ˆè€‰xÌ¸À¸Àˆ°4(€€€€€€€€‰Á¥½½±½ÉÌˆè€‰xÄ¸Ä¸Äˆ°4(€€€€€€€€‰Á½ÍÑÍÌˆè€‰xà¸Ð¸ÐÜˆ°4(€€€€€€€€‰Á½ÍÑÍÌµ¥µÁ½ÉÐˆè€‰xÄÔ¸Ä¸Àˆ°4(€€€€€€€€‰Á½ÍÑÍÌµ©Ìˆè€‰xÐ¸À¸Äˆ°4(€€€€€€€€‰Á½ÍÑÍÌµ±½…µ½¹™¥œˆè€‰xÐ¸À¸ÈñðxÔ¸ÀñðxØ¸Àˆ°4(€€€€€€€€‰Á½ÍÑÍÌµ¹•ÍÑ•ˆè€‰xØ¸È¸Àˆ°4(€€€€€€€€‰Á½ÍÑÍÌµÍ•±•Ñ½ÈµÁ…ÉÍ•Èˆè€‰xØ¸Ä¸Èˆ°4(€€€€€€€€‰É•Í½±Ù”ˆè€‰xÄ¸ÈÈ¸àˆ°4(€€€€€€€€‰ÍÕÉ…Í”ˆè€‰xÌ¸ÌÔ¸Àˆ4(€€€€€ô°4(€€€€€€‰‰¥¸ˆèì4(€€€€€€€€‰Ñ…¥±Ý¥¹ˆè€‰±¥ˆ½±¤¹©Ìˆ°4(€€€€€€€€‰Ñ…¥±Ý¥¹‘ÍÌˆè€‰±¥ˆ½±¤¹©Ìˆ4(€€€€€ô°4(€€€€€€‰•¹¥¹•Ìˆèì4(€€€€€€€€‰¹½‘”ˆè€ˆøôÄÐ¸À¸Àˆ4(€€€€€ô4(€€€ô°4(€€€€‰¹½‘•}µ½‘Õ±•Ì½Ñ¡•¹¥™äˆèì4(€€€€€€‰Ù•ÉÍ¥½¸ˆè€ˆÌ¸Ì¸Äˆ°4(€€€€€€‰‘•ØˆèÑÉÕ”°4(€€€€€€‰±¥•¹Í”ˆè€‰5%Pˆ°4(€€€€€€‰‘•Á•¹‘•¹¥•Ìˆèì4(€€€€€€€€‰…¹äµÁÉ½µ¥Í”ˆè€‰xÄ¸À¸Àˆ4(€€€€€ô4(€€€ô°4(€€€€‰¹½‘•}µ½‘Õ±•Ì½Ñ¡•¹¥™äµ…±°ˆèì4(€€€€€€‰Ù•ÉÍ¥½¸ˆè€ˆÄ¸Ø¸Àˆ°4(€€€€€€‰‘•ØˆèÑÉÕ”°4(€€€€€€‰±¥•¹Í”ˆè€‰5%Pˆ°4(€€€€€€‰‘•Á•¹‘•¹¥•Ìˆèì4(€€€€€€€€‰Ñ¡•¹¥™äˆè€ˆøô€Ì¸Ä¸À€ð€Ðˆ4(€€€€€ô°4(€€€€€€‰•¹¥¹•Ìˆèì4(€€€€€€€€‰¹½‘”ˆè€ˆøôÀ¸àˆ4(€€€€€ô4(€€€ô°4(€€€€‰¹½‘•}µ½‘Õ±•Ì½Ñ¥¹å±½‰‰äˆèì4(€€€€€€‰Ù•ÉÍ¥½¸ˆè€ˆÀ¸È¸ÄÜˆ°4(€€€€€€‰‘•ØˆèÑÉÕ”°4(€€€€€€‰±¥•¹Í”ˆè€‰5%Pˆ°4(€€€€€€‰‘•Á•¹‘•¹¥•Ìˆèì4(€€€€€€€€‰™‘¥Èˆè€‰xØ¸Ô¸Àˆ°4(€€€€€€€€‰Á¥½µ…Ñ ˆè€‰xÐ¸À¸Ðˆ4(€€€€€ô°4(€€€€€€‰•¹¥¹•Ìˆèì4(€€€€€€€€‰¹½‘”ˆè€ˆøôÄÈ¸À¸Àˆ4(€€€€€ô°4(€€€€€€‰™Õ¹‘¥¹œˆèì4(€€€€€€€€‰ÕÉ°ˆè€‰¡ÑÑÁÌè¼½¥Ñ¡Õˆ¹½´½ÍÁ½¹Í½ÉÌ½MÕÁ•É¡ÕÁÕ•Øˆ4(€€€€€ô4(€€€ô°4(€€€€‰¹½‘•}µ½‘Õ±•Ì½Ñ¥¹å±½‰‰ä½¹½‘•}µ½‘Õ±•Ì½™‘¥Èˆèì4(€€€€€€‰Ù•ÉÍ¥½¸ˆè€ˆØ¸Ô¸Àˆ°4(€€€€€€‰‘•ØˆèÑÉÕ”°4(€€€€€€‰±¥•¹Í”ˆè€‰5%Pˆ°4(€€€€€€‰•¹¥¹•Ìˆèì4(€€€€€€€€‰¹½‘”ˆè€ˆøôÄÈ¸À¸Àˆ4(€€€€€ô°4(€€€€€€‰Á••É•Á•¹‘•¹¥•Ìˆèì4(€€€€€€€€‰Á¥½µ…Ñ ˆè€‰xÌñðxÐˆ4(€€€€€ô°4(€€€€€€‰Á••É•Á•¹‘•¹¥•Í5•Ñ„ˆèì4(€€€€€€€€‰Á¥½µ…Ñ ˆèì4(€€€€€€€€€€‰½ÁÑ¥½¹…°ˆèÑÉÕ”4(€€€€€€€ô4(€€€€€ô4(€€€ô°4(€€€€‰¹½‘•}µ½‘Õ±•Ì½Ñ¥¹å±½‰‰ä½¹½‘•}µ½‘Õ±•Ì½Á¥½µ…Ñ ˆèì4(€€€€€€‰Ù•ÉÍ¥½¸ˆè€ˆÐ¸À¸Ôˆ°4(€€€€€€‰‘•ØˆèÑÉÕ”°4(€€€€€€‰±¥•¹Í”ˆè€‰5%Pˆ°4(€€€€€€‰•¹¥¹•Ìˆèì4(€€€€€€€€‰¹½‘”ˆè€ˆøôÄÈˆ4(€€€€€ô°4(€€€€€€‰™Õ¹‘¥¹œˆèì4(€€€€€€€€‰ÕÉ°ˆè€‰¡ÑÑÁÌè¼½¥Ñ¡Õˆ¹½´½ÍÁ½¹Í½ÉÌ½©½¹Í¡±¥¹­•ÉÐˆ4(€€€€€ô4(€€€ô°4(€€€€‰¹½‘•}µ½‘Õ±•Ì½Ñ¼µÉ••àµÉ…¹”ˆèì4(€€€€€€‰Ù•ÉÍ¥½¸ˆè€ˆÔ¸À¸Äˆ°4(€€€€€€‰‘•ØˆèÑÉÕ”°4(€€€€€€‰±¥•¹Í”ˆè€‰5%Pˆ°4(€€€€€€‰‘•Á•¹‘•¹¥•Ìˆèì4(€€€€€€€€‰¥Ìµ¹Õµ‰•Èˆè€‰xÜ¸À¸Àˆ4(€€€€€ô°4(€€€€€€‰•¹¥¹•Ìˆèì4(€€€€€€€€‰¹½‘”ˆè€ˆøôà¸Àˆ4(€€€€€ô4(€€€ô°4(€€€€‰¹½‘•}µ½‘Õ±•Ì½ÑÌµ¥¹Ñ•É™…”µ¡•­•Èˆèì4(€€€€€€‰Ù•ÉÍ¥½¸ˆè€ˆÀ¸Ä¸ÄÌˆ°4(€€€€€€‰‘•ØˆèÑÉÕ”°4(€€€€€€‰±¥•¹Í”ˆè€‰Á…¡”´È¸Àˆ4(€€€ô°4(€€€€‰¹½‘•}µ½‘Õ±•Ì½ÑåÁ•ÍÉ¥ÁÐˆèì4(€€€€€€‰Ù•ÉÍ¥½¸ˆè€ˆÜ¸À¸Èˆ°4(€€€€€€‰‘•ØˆèÑÉÕ”°4(€€€€€€‰±¥•¹Í”ˆè€‰Á…¡”´È¸Àˆ°4(€€€€€€‰‰¥¸ˆèì4(€€€€€€€€‰ÑÍŒˆè€‰‰¥¸½ÑÍŒˆ4(€€€€€ô°4(€€€€€€‰•¹¥¹•Ìˆèì4(€€€€€€€€‰¹½‘”ˆè€ˆøôÄØ¸ÈÀ¸Àˆ4(€€€€€ô°4(€€€€€€‰½ÁÑ¥½¹…±•Á•¹‘•¹¥•Ìˆèì4(€€€€€€€€‰ÑåÁ•ÍÉ¥ÁÐ½ÑåÁ•ÍÉ¥ÁÐµ…¥àµÁÁŒØÐˆè€ˆÜ¸À¸Èˆ°4(€€€€€€€€‰ÑåÁ•ÍÉ¥ÁÐ½ÑåÁ•ÍÉ¥ÁÐµ‘…ÉÝ¥¸µ…É´ØÐˆè€ˆÜ¸À¸Èˆ°4(€€€€€€€€‰ÑåÁ•ÍÉ¥ÁÐ½ÑåÁ•ÍÉ¥ÁÐµ‘…ÉÝ¥¸µàØÐˆè€ˆÜ¸À¸Èˆ°4(€€€€€€€€‰ÑåÁ•ÍÉ¥ÁÐ½ÑåÁ•ÍÉ¥ÁÐµ™É••‰Íµ…É´ØÐˆè€ˆÜ¸À¸Èˆ°4(€€€€€€€€‰ÑåÁ•ÍÉ¥ÁÐ½ÑåÁ•ÍÉ¥ÁÐµ™É••‰ÍµàØÐˆè€ˆÜ¸À¸Èˆ°4(€€€€€€€€‰ÑåÁ•ÍÉ¥ÁÐ½ÑåÁ•ÍÉ¥ÁÐµ±¥¹Õàµ…É´ˆè€ˆÜ¸À¸Èˆ°4(€€€€€€€€‰ÑåÁ•ÍÉ¥ÁÐ½ÑåÁ•ÍÉ¥ÁÐµ±¥¹Õàµ…É´ØÐˆè€ˆÜ¸À¸Èˆ°4(€€€€€€€€‰ÑåÁ•ÍÉ¥ÁÐ½ÑåÁ•ÍÉ¥ÁÐµ±¥¹Õàµ±½½¹œØÐˆè€ˆÜ¸À¸Èˆ°4(€€€€€€€€‰ÑåÁ•ÍÉ¥ÁÐ½ÑåÁ•ÍÉ¥ÁÐµ±¥¹Õàµµ¥ÁÌØÑ•°ˆè€ˆÜ¸À¸Èˆ°4(€€€€€€€€‰ÑåÁ•ÍÉ¥ÁÐ½ÑåÁ•ÍÉ¥ÁÐµ±¥¹ÕàµÁÁŒØÐˆè€ˆÜ¸À¸Èˆ°4(€€€€€€€€‰ÑåÁ•ÍÉ¥ÁÐ½ÑåÁ•ÍÉ¥ÁÐµ±¥¹ÕàµÉ¥ÍØØÐˆè€ˆÜ¸À¸Èˆ°4(€€€€€€€€‰ÑåÁ•ÍÉ¥ÁÐ½ÑåÁ•ÍÉ¥ÁÐµ±¥¹ÕàµÌÌäÁàˆè€ˆÜ¸À¸Èˆ°4(€€€€€€€€‰ÑåÁ•ÍÉ¥ÁÐ½ÑåÁ•ÍÉ¥ÁÐµ±¥¹ÕàµàØÐˆè€ˆÜ¸À¸Èˆ°4(€€€€€€€€‰ÑåÁ•ÍÉ¥ÁÐ½ÑåÁ•ÍÉ¥ÁÐµ¹•Ñ‰Íµ…É´ØÐˆè€ˆÜ¸À¸Èˆ°4(€€€€€€€€‰ÑåÁ•ÍÉ¥ÁÐ½ÑåÁ•ÍÉ¥ÁÐµ¹•Ñ‰ÍµàØÐˆè€ˆÜ¸À¸Èˆ°4(€€€€€€€€‰ÑåÁ•ÍÉ¥ÁÐ½ÑåÁ•ÍÉ¥ÁÐµ½Á•¹‰Íµ…É´ØÐˆè€ˆÜ¸À¸Èˆ°4(€€€€€€€€‰ÑåÁ•ÍÉ¥ÁÐ½ÑåÁ•ÍÉ¥ÁÐµ½Á•¹‰ÍµàØÐˆè€ˆÜ¸À¸Èˆ°4(€€€€€€€€‰ÑåÁ•ÍÉ¥ÁÐ½ÑåÁ•ÍÉ¥ÁÐµÍÕ¹½ÌµàØÐˆè€ˆÜ¸À¸Èˆ°4(€€€€€€€€‰ÑåÁ•ÍÉ¥ÁÐ½ÑåÁ•ÍÉ¥ÁÐµÝ¥¸ÌÈµ…É´ØÐˆè€ˆÜ¸À¸Èˆ°4(€€€€€€€€‰ÑåÁ•ÍÉ¥ÁÐ½ÑåÁ•ÍÉ¥ÁÐµÝ¥¸ÌÈµàØÐˆè€ˆÜ¸À¸Èˆ4(€€€€€ô4(€€€ô°4(€€€€‰¹½‘•}µ½‘Õ±•Ì½ÕÁ‘…Ñ”µ‰É½ÝÍ•ÉÍ±¥ÍÐµ‘ˆˆèì4(€€€€€€‰Ù•ÉÍ¥½¸ˆè€ˆÄ¸È¸Ìˆ°4(€€€€€€‰‘•ØˆèÑÉÕ”°4(€€€€€€‰™Õ¹‘¥¹œˆèl4(€€€€€€€ì4(€€€€€€€€€€‰ÑåÁ”ˆè€‰½Á•¹½±±•Ñ¥Ù”ˆ°4(€€€€€€€€€€‰ÕÉ°ˆè€‰¡ÑÑÁÌè¼½½Á•¹½±±•Ñ¥Ù”¹½´½‰É½ÝÍ•ÉÍ±¥ÍÐˆ4(€€€€€€€ô°4(€€€€€€€ì4(€€€€€€€€€€‰ÑåÁ”ˆè€‰Ñ¥‘•±¥™Ðˆ°4(€€€€€€€€€€‰ÕÉ°ˆè€‰¡ÑÑÁÌè¼½Ñ¥‘•±¥™Ð¹½´½™Õ¹‘¥¹œ½¥Ñ¡Õˆ½¹Á´½‰É½ÝÍ•ÉÍ±¥ÍÐˆ4(€€€€€€€ô°4(€€€€€€€ì4(€€€€€€€€€€‰ÑåÁ”ˆè€‰¥Ñ¡Õˆˆ°4(€€€€€€€€€€‰ÕÉ°ˆè€‰¡ÑÑÁÌè¼½¥Ñ¡Õˆ¹½´½ÍÁ½¹Í½ÉÌ½…¤ˆ4(€€€€€€€ô4(€€€€€t°4(€€€€€€‰±¥•¹Í”ˆè€‰5%Pˆ°4(€€€€€€‰‘•Á•¹‘•¹¥•Ìˆèì4(€€€€€€€€‰•Í…±…‘”ˆè€‰xÌ¸È¸Àˆ°4(€€€€€€€€‰Á¥½½±½ÉÌˆè€‰xÄ¸Ä¸Äˆ4(€€€€€ô°4(€€€€€€‰‰¥¸ˆèì4(€€€€€€€€‰ÕÁ‘…Ñ”µ‰É½ÝÍ•ÉÍ±¥ÍÐµ‘ˆˆè€‰±¤¹©Ìˆ4(€€€€€ô°4(€€€€€€‰Á••É•Á•¹‘•¹¥•Ìˆèì4(€€€€€€€€‰‰É½ÝÍ•ÉÍ±¥ÍÐˆè€ˆøô€Ð¸ÈÄ¸Àˆ4(€€€€€ô4(€€€ô°4(€€€€‰¹½‘•}µ½‘Õ±•Ì½ÕÑ¥°µ‘•ÁÉ•…Ñ”ˆèì4(€€€€€€‰Ù•ÉÍ¥½¸ˆè€ˆÄ¸À¸Èˆ°4(€€€€€€‰‘•ØˆèÑÉÕ”°4(€€€€€€‰±¥•¹Í”ˆè€‰5%Pˆ4(€€€ô°4(€€€€‰¹½‘•}µ½‘Õ±•Ì½Ù¥Ñ”ˆèì4(€€€€€€‰Ù•ÉÍ¥½¸ˆè€ˆà¸È¸Àˆ°4(€€€€€€‰‘•ØˆèÑÉÕ”°4(€€€€€€‰±¥•¹Í”ˆè€‰5%Pˆ°4(€€€€€€‰‘•Á•¹‘•¹¥•Ìˆèì4(€€€€€€€€‰±¥¡Ñ¹¥¹ÍÌˆè€‰xÄ¸ÌÌ¸Àˆ°4(€€€€€€€€‰Á¥½µ…Ñ ˆè€‰xÐ¸À¸Ôˆ°4(€€€€€€€€‰Á½ÍÑÍÌˆè€‰xà¸Ô¸ÈÌˆ°4(€€€€€€€€‰É½±±‘½Ý¸ˆè€‰øÄ¸È¸Àˆ°4(€€€€€€€€‰Ñ¥¹å±½‰‰äˆè€‰xÀ¸È¸ÄÜˆ4(€€€€€ô°4(€€€€€€‰‰¥¸ˆèì4(€€€€€€€€‰Ù¥Ñ”ˆè€‰‰¥¸½Ù¥Ñ”¹©Ìˆ4(€€€€€ô°4(€€€€€€‰•¹¥¹•Ìˆèì4(€€€€€€€€‰¹½‘”ˆè€‰xÈÀ¸Ää¸Àñð€øôÈÈ¸ÄÈ¸Àˆ4(€€€€€ô°4(€€€€€€‰™Õ¹‘¥¹œˆèì4(€€€€€€€€‰ÕÉ°ˆè€‰¡ÑÑÁÌè¼½¥Ñ¡Õˆ¹½´½Ù¥Ñ•©Ì½Ù¥Ñ”ýÍÁ½¹Í½ÈôÄˆ4(€€€€€ô°4(€€€€€€‰½ÁÑ¥½¹…±•Á•¹‘•¹¥•Ìˆèì4(€€€€€€€€‰™Í•Ù•¹ÑÌˆè€‰øÈ¸Ì¸Ìˆ4(€€€€€ô°4(€€€€€€‰Á••É•Á•¹‘•¹¥•Ìˆèì4(€€€€€€€€‰ÑåÁ•Ì½¹½‘”ˆè€‰xÈÀ¸Ää¸Àñð€øôÈÈ¸ÄÈ¸Àˆ°4(€€€€€€€€‰Ù¥Ñ•©Ì½‘•ÙÑ½½±Ìˆè€‰xÀ¸Ð¸Àˆ°4(€€€€€€€€‰•Í‰Õ¥±ˆè€‰xÀ¸ÈÜ¸ÀñðxÀ¸Èà¸Àˆ°4(€€€€€€€€‰©¥Ñ¤ˆè€ˆøôÄ¸ÈÄ¸Àˆ°4(€€€€€€€€‰±•ÍÌˆè€‰xÐ¸À¸Àˆ°4(€€€€€€€€‰Í…ÍÌˆè€‰xÄ¸ÜÀ¸Àˆ°4(€€€€€€€€‰Í…ÍÌµ•µ‰•‘‘•ˆè€‰xÄ¸ÜÀ¸Àˆ°4(€€€€€€€€‰ÍÑå±ÕÌˆè€ˆøôÀ¸ÔÐ¸àˆ°4(€€€€€€€€‰ÍÕ…ÉÍÌˆè€‰xÔ¸À¸Àˆ°4(€€€€€€€€‰Ñ•ÉÍ•Èˆè€‰xÔ¸ÄØ¸Àˆ°4(€€€€€€€€‰ÑÍàˆè€‰xÐ¸à¸Äˆ°4(€€€€€€€€‰å…µ°ˆè€‰xÈ¸Ð¸Èˆ4(€€€€€ô°4(€€€€€€‰Á••É•Á•¹‘•¹¥•Í5•Ñ„ˆèì4(€€€€€€€€‰ÑåÁ•Ì½¹½‘”ˆèì4(€€€€€€€€€€‰½ÁÑ¥½¹…°ˆèÑÉÕ”4(€€€€€€€ô°4(€€€€€€€€‰Ù¥Ñ•©Ì½‘•ÙÑ½½±Ìˆèì4(€€€€€€€€€€‰½ÁÑ¥½¹…°ˆèÑÉÕ”4(€€€€€€€ô°4(€€€€€€€€‰•Í‰Õ¥±ˆèì4(€€€€€€€€€€‰½ÁÑ¥½¹…°ˆèÑÉÕ”4(€€€€€€€ô°4(€€€€€€€€‰©¥Ñ¤ˆèì4(€€€€€€€€€€‰½ÁÑ¥½¹…°ˆèÑÉÕ”4(€€€€€€€ô°4(€€€€€€€€‰±•ÍÌˆèì4(€€€€€€€€€€‰½ÁÑ¥½¹…°ˆèÑÉÕ”4(€€€€€€€ô°4(€€€€€€€€‰Í…ÍÌˆèì4(€€€€€€€€€€‰½ÁÑ¥½¹…°ˆèÑÉÕ”4(€€€€€€€ô°4(€€€€€€€€‰Í…ÍÌµ•µ‰•‘‘•ˆèì4(€€€€€€€€€€‰½ÁÑ¥½¹…°ˆèÑÉÕ”4(€€€€€€€ô°4(€€€€€€€€‰ÍÑå±ÕÌˆèì4(€€€€€€€€€€‰½ÁÑ¥½¹…°ˆèÑÉÕ”4(€€€€€€€ô°4(€€€€€€€€‰ÍÕ…ÉÍÌˆèì4(€€€€€€€€€€‰½ÁÑ¥½¹…°ˆèÑÉÕ”4(€€€€€€€ô°4(€€€€€€€€‰Ñ•ÉÍ•Èˆèì4(€€€€€€€€€€‰½ÁÑ¥½¹…°ˆèÑÉÕ”4(€€€€€€€ô°4(€€€€€€€€‰ÑÍàˆèì4(€€€€€€€€€€‰½ÁÑ¥½¹…°ˆèÑÉÕ”4(€€€€€€€ô°4(€€€€€€€€‰å…µ°ˆèì4(€€€€€€€€€€‰½ÁÑ¥½¹…°ˆèÑÉÕ”4(€€€€€€€ô4(€€€€€ô4(€€€ô°4(€€€€‰¹½‘•}µ½‘Õ±•Ì½Ù¥Ñ”½¹½‘•}µ½‘Õ±•Ì½Á¥½µ…Ñ ˆèì4(€€€€€€‰Ù•ÉÍ¥½¸ˆè€ˆÐ¸À¸Ôˆ°4(€€€€€€‰‘•ØˆèÑÉÕ”°4(€€€€€€‰±¥•¹Í”ˆè€‰5%Pˆ°4(€€€€€€‰•¹¥¹•Ìˆèì4(€€€€€€€€‰¹½‘”ˆè€ˆøôÄÈˆ4(€€€€€ô°4(€€€€€€‰™Õ¹‘¥¹œˆèì4(€€€€€€€€‰ÕÉ°ˆè€‰¡ÑÑÁÌè¼½¥Ñ¡Õˆ¹½´½ÍÁ½¹Í½ÉÌ½©½¹Í¡±¥¹­•ÉÐˆ4(€€€€€ô4(€€€ô°4(€€€€‰Á…­…•Ì½ÍÉ½±°µÍÉÕˆµÙ¥‘•¼ˆèì4(€€€€€€‰Ù•ÉÍ¥½¸ˆè€ˆÀ¸Ä¸Àˆ°4(€€€€€€‰±¥•¹Í”ˆè€‰5%Pˆ°4(€€€€€€‰‘•Ù•Á•¹‘•¹¥•Ìˆèì4(€€€€€€€€‰ÑåÁ•Ì½É•…Ðˆè€‰xÄä¸È¸Äàˆ°4(€€€€€€€€‰ÑåÁ•ÍÉ¥ÁÐˆè€‰xÜ¸À¸Èˆ4(€€€€€ô°4(€€€€€€‰Á••É•Á•¹‘•¹¥•Ìˆèì4(€€€€€€€€‰É•…Ðˆè€ˆøôÄàˆ4(€€€€€ô4(€€€ô4(€ô4)ô4(