{
  "name": "qvo-tech",
  "version": "0.0.0",
  "lockfileVersion": 3,
  "requires": true,
  "packages": {
    "": {
      "name": "qvo-tech",
      "version": "0.0.0",
      "workspaces": [
        "packages/*"
      ],
      "dependencies": {
        "lucide-react": "^1.28.0",
        "react": "^19.2.8",
        "react-dom": "^19.2.8"
      },
      "devDependencies": {
        "@types/react": "^19.2.18",
        "@types/react-dom": "^19.2.4",
        "@vitejs/plugin-react": "^6.0.5",
        "autoprefixer": "^10.5.4",
        "postcss": "^8.5.25",
        "tailwindcss": "^3.4.19",
        "typescript": "^7.0.2",
        "vite": "^8.2.0"
      }
    },
    "node_modules/@alloc/quick-lru": {
      "version": "5.2.0",
      "dev": true,
      "license": "MIT",
      "engines": {
        "node": ">=10"
      },
      "funding": {
        "url": "https://github.com/sponsors/sindresorhus"
      }
    },
    "node_modules/@esbuild/win32-x64": {
      "version": "0.27.7",
      "cpu": [
        "x64"
      ],
      "dev": true,
      "license": "MIT",
      "optional": true,
      "os": [
        "win32"
      ],
      "peer": true,
      "engines": {
        "node": ">=18"
      }
    },
    "node_modules/@jridgewell/gen-mapping": {
      "version": "0.3.13",
      "dev": true,
      "license": "MIT",
      "dependencies": {
        "@jridgewell/sourcemap-codec": "^1.5.0",
        "@jridgewell/trace-mapping": "^0.3.24"
      }
    },
    "node_modules/@jridgewell/resolve-uri": {
      "version": "3.1.2",
      "dev": true,
      "license": "MIT",
      "engines": {
        "node": ">=6.0.0"
      }
    },
    "node_modules/@jridgewell/sourcemap-codec": {
      "version": "1.5.5",
      "dev": true,
      "license": "MIT"
    },
    "node_modules/@jridgewell/trace-mapping": {
      "version": "0.3.31",
      "dev": true,
      "license": "MIT",
      "dependencies": {
        "@jridgewell/resolve-uri": "^3.1.0",
        "@jridgewell/sourcemap-codec": "^1.4.14"
      }
    },
    "node_modules/@nodelib/fs.scandir": {
      "version": "2.1.5",
      "dev": true,
      "license": "MIT",
      "dependencies": {
        "@nodelib/fs.stat": "2.0.5",
        "run-parallel": "^1.1.9"
      },
      "engines": {
        "node": ">= 8"
      }
    },
    "node_modules/@nodelib/fs.stat": {
      "version": "2.0.5",
      "dev": true,
      "license": "MIT",
      "engines": {
        "node": ">= 8"
      }
    },
    "node_modules/@nodelib/fs.walk": {
      "version": "1.2.8",
      "dev": true,
      "license": "MIT",
      "dependencies": {
        "@nodelib/fs.scandir": "2.1.5",
        "fastq": "^1.6.0"
      },
      "engines": {
        "node": ">= 8"
      }
    },
    "node_modules/@oxc-project/types": {
      "version": "0.142.0",
      "dev": true,
      "license": "MIT",
      "funding": {
        "url": "https://github.com/sponsors/Boshen"
      }
    },
    "node_modules/@rolldown/binding-win32-x64-msvc": {
      "version": "1.2.2",
      "cpu": [
        "x64"
      ],
      "dev": true,
      "license": "MIT",
      "optional": true,
      "os": [
        "win32"
      ],
      "engines": {
        "node": "^20.19.0 || >=22.12.0"
      }
    },
    "node_modules/@rolldown/pluginutils": {
      "version": "1.0.1",
      "dev": true,
      "license": "MIT"
    },
    "node_modules/@rollup/rollup-win32-x64-gnu": {
      "version": "4.62.4",
      "cpu": [
        "x64"
      ],
      "dev": true,
      "license": "MIT",
      "optional": true,
      "os": [
        "win32"
      ]
    },
    "node_modules/@rollup/rollup-win32-x64-msvc": {
      "version": "4.62.4",
      "cpu": [
        "x64"
      ],
      "dev": true,
      "license": "MIT",
      "optional": true,
      "os": [
        "win32"
      ]
    },
    "node_modules/@types/estree": {
      "version": "1.0.9",
      "dev": true,
      "license": "MIT"
    },
    "node_modules/@types/react": {
      "version": "19.2.18",
      "dev": true,
      "license": "MIT",
      "dependencies": {
        "csstype": "^3.2.2"
      }
    },
    "node_modules/@types/react-dom": {
      "version": "19.2.4",
      "dev": true,
      "license": "MIT",
      "peerDependencies": {
        "@types/react": "^19.2.0"
      }
    },
    "node_modules/@typescript/typescript-win32-x64": {
      "version": "7.0.2",
      "cpu": [
        "x64"
      ],
      "dev": true,
      "license": "Apache-2.0",
      "optional": true,
      "os": [
        "win32"
      ],
      "engines": {
        "node": ">=16.20.0"
      }
    },
    "node_modules/@vitejs/plugin-react": {
      "version": "6.0.5",
      "dev": true,
      "license": "MIT",
      "dependencies": {
        "@rolldown/pluginutils": "^1.0.1"
      },
      "engines": {
        "node": "^20.19.0 || >=22.12.0"
      },
      "peerDependencies": {
        "@rolldown/plugin-babel": "^0.1.7 || ^0.2.0",
        "babel-plugin-react-compiler": "^1.0.0",
        "vite": "^8.0.0"
      },
      "peerDependenciesMeta": {
        "@rolldown/plugin-babel": {
          "optional": true
        },
        "babel-plugin-react-compiler": {
          "optional": true
        }
      }
    },
    "node_modules/acorn": {
      "version": "8.18.0",
      "dev": true,
      "license": "MIT",
      "bin": {
        "acorn": "bin/acorn"
      },
      "engines": {
        "node": ">=0.4.0"
      }
    },
    "node_modules/any-promise": {
      "version": "1.3.0",
      "dev": true,
      "license": "MIT"
    },
    "node_modules/anymatch": {
      "version": "3.1.3",
      "dev": true,
      "license": "ISC",
      "dependencies": {
        "normalize-path": "^3.0.0",
        "picomatch": "^2.0.4"
      },
      "engines": {
        "node": ">= 8"
      }
    },
    "node_modules/arg": {
      "version": "5.0.2",
      "dev": true,
      "license": "MIT"
    },
    "node_modules/autoprefixer": {
      "version": "10.5.4",
      "dev": true,
      "funding": [
        {
          "type": "opencollective",
          "url": "https://opencollective.com/postcss/"
        },
        {
          "type": "tidelift",
          "url": "https://tidelift.com/funding/github/npm/autoprefixer"
        },
        {
          "type": "github",
          "url": "https://github.com/sponsors/ai"
        }
      ],
      "license": "MIT",
      "dependencies": {
        "browserslist": "^4.28.6",
        "caniuse-lite": "^1.0.30001806",
        "fraction.js": "^5.3.4",
        "picocolors": "^1.1.1",
        "postcss-value-parser": "^4.2.0"
      },
      "bin": {
        "autoprefixer": "bin/autoprefixer"
      },
      "engines": {
        "node": "^10 || ^12 || >=14"
      },
      "peerDependencies": {
        "postcss": "^8.1.0"
      }
    },
    "node_modules/baseline-browser-mapping": {
      "version": "2.11.11",
      "dev": true,
      "license": "Apache-2.0",
      "bin": {
        "baseline-browser-mapping": "dist/cli.cjs"
      },
      "engines": {
        "node": ">=6.0.0"
      }
    },
    "node_modules/binary-extensions": {
      "version": "2.3.0",
      "dev": true,
      "license": "MIT",
      "engines": {
        "node": ">=8"
      },
      "funding": {
        "url": "https://github.com/sponsors/sindresorhus"
      }
    },
    "node_modules/braces": {
      "version": "3.0.3",
      "dev": true,
      "license": "MIT",
      "dependencies": {
        "fill-range": "^7.1.1"
      },
      "engines": {
        "node": ">=8"
      }
    },
    "node_modules/browserslist": {
      "version": "4.28.7",
      "dev": true,
      "funding": [
        {
          "type": "opencollective",
          "url": "https://opencollective.com/browserslist"
        },
        {
          "type": "tidelift",
          "url": "https://tidelift.com/funding/github/npm/browserslist"
        },
        {
          "type": "github",
          "url": "https://github.com/sponsors/ai"
        }
      ],
      "license": "MIT",
      "dependencies": {
        "baseline-browser-mapping": "^2.10.44",
        "caniuse-lite": "^1.0.30001806",
        "electron-to-chromium": "^1.5.393",
        "node-releases": "^2.0.51",
        "update-browserslist-db": "^1.2.3"
      },
      "bin": {
        "browserslist": "cli.js"
      },
      "engines": {
        "node": "^6 || ^7 || ^8 || ^9 || ^10 || ^11 || ^12 || >=13.7"
      }
    },
    "node_modules/bundle-require": {
      "version": "5.1.0",
      "dev": true,
      "license": "MIT",
      "dependencies": {
        "load-tsconfig": "^0.2.3"
      },
      "engines": {
        "node": "^12.20.0 || ^14.13.1 || >=16.0.0"
      },
      "peerDependencies": {
        "esbuild": ">=0.18"
      }
    },
    "node_modules/cac": {
      "version": "6.7.14",
      "dev": true,
      "license": "MIT",
      "engines": {
        "node": ">=8"
      }
    },
    "node_modules/camelcase-css": {
      "version": "2.0.1",
      "dev": true,
      "license": "MIT",
      "engines": {
        "node": ">= 6"
      }
    },
    "node_modules/caniuse-lite": {
      "version": "1.0.30001806",
      "dev": true,
      "funding": [
        {
          "type": "opencollective",
          "url": "https://opencollective.com/browserslist"
        },
        {
          "type": "tidelift",
          "url": "https://tidelift.com/funding/github/npm/caniuse-lite"
        },
        {
          "type": "github",
          "url": "https://github.com/sponsors/ai"
        }
      ],
      "license": "CC-BY-4.0"
    },
    "node_modules/chokidar": {
      "version": "3.6.0",
      "dev": true,
      "license": "MIT",
      "dependencies": {
        "anymatch": "~3.1.2",
        "braces": "~3.0.2",
        "glob-parent": "~5.1.2",
        "is-binary-path": "~2.1.0",
        "is-glob": "~4.0.1",
        "normalize-path": "~3.0.0",
        "readdirp": "~3.6.0"
      },
      "engines": {
        "node": ">= 8.10.0"
      },
      "funding": {
        "url": "https://paulmillr.com/funding/"
      },
      "optionalDependencies": {
        "fsevents": "~2.3.2"
      }
    },
    "node_modules/chokidar/node_modules/glob-parent": {
      "version": "5.1.2",
      "dev": true,
      "license": "ISC",
      "dependencies": {
        "is-glob": "^4.0.1"
      },
      "engines": {
        "node": ">= 6"
      }
    },
    "node_modules/commander": {
      "version": "4.1.1",
      "dev": true,
      "license": "MIT",
      "engines": {
        "node": ">= 6"
      }
    },
    "node_modules/confbox": {
      "version": "0.1.8",
      "dev": true,
      "license": "MIT"
    },
    "node_modules/consola": {
      "version": "3.4.2",
      "dev": true,
      "license": "MIT",
      "engines": {
        "node": "^14.18.0 || >=16.10.0"
      }
    },
    "node_modules/cssesc": {
      "version": "3.0.0",
      "dev": true,
      "license": "MIT",
      "bin": {
        "cssesc": "bin/cssesc"
      },
      "engines": {
        "node": ">=4"
      }
    },
    "node_modules/csstype": {
      "version": "3.2.3",
      "dev": true,
      "license": "MIT"
    },
    "node_modules/debug": {
      "version": "4.4.3",
      "dev": true,
      "license": "MIT",
      "dependencies": {
        "ms": "^2.1.3"
      },
      "engines": {
        "node": ">=6.0"
      },
      "peerDependenciesMeta": {
        "supports-color": {
          "optional": true
        }
      }
    },
    "node_modules/detect-libc": {
      "version": "2.1.2",
      "dev": true,
      "license": "Apache-2.0",
      "engines": {
        "node": ">=8"
      }
    },
    "node_modules/didyoumean": {
      "version": "1.2.2",
      "dev": true,
      "license": "Apache-2.0"
    },
    "node_modules/dlv": {
      "version": "1.1.3",
      "dev": true,
      "license": "MIT"
    },
    "node_modules/electron-to-chromium": {
      "version": "1.5.399",
      "dev": true,
      "license": "ISC"
    },
    "node_modules/es-errors": {
      "version": "1.3.0",
      "dev": true,
      "license": "MIT",
      "engines": {
        "node": ">= 0.4"
      }
    },
    "node_modules/esbuild": {
      "version": "0.27.7",
      "dev": true,
      "hasInstallScript": true,
      "license": "MIT",
      "bin": {
        "esbuild": "bin/esbuild"
      },
      "engines": {
        "node": ">=18"
      },
      "optionalDependencies": {
        "@esbuild/aix-ppc64": "0.27.7",
        "@esbuild/android-arm": "0.27.7",
        "@esbuild/android-arm64": "0.27.7",
        "@esbuild/android-x64": "0.27.7",
        "@esbuild/darwin-arm64": "0.27.7",
        "@esbuild/darwin-x64": "0.27.7",
        "@esbuild/freebsd-arm64": "0.27.7",
        "@esbuild/freebsd-x64": "0.27.7",
        "@esbuild/linux-arm": "0.27.7",
        "@esbuild/linux-arm64": "0.27.7",
        "@esbuild/linux-ia32": "0.27.7",
        "@esbuild/linux-loong64": "0.27.7",
        "@esbuild/linux-mips64el": "0.27.7",
        "@esbuild/linux-ppc64": "0.27.7",
        "@esbuild/linux-riscv64": "0.27.7",
        "@esbuild/linux-s390x": "0.27.7",
        "@esbuild/linux-x64": "0.27.7",
        "@esbuild/netbsd-arm64": "0.27.7",
        "@esbuild/netbsd-x64": "0.27.7",
        "@esbuild/openbsd-arm64": "0.27.7",
        "@esbuild/openbsd-x64": "0.27.7",
        "@esbuild/openharmony-arm64": "0.27.7",
        "@esbuild/sunos-x64": "0.27.7",
        "@esbuild/win32-arm64": "0.27.7",
        "@esbuild/win32-ia32": "0.27.7",
        "@esbuild/win32-x64": "0.27.7"
      }
    },
    "node_modules/escalade": {
      "version": "3.2.0",
      "dev": true,
      "license": "MIT",
      "engines": {
        "node": ">=6"
      }
    },
    "node_modules/fast-glob": {
      "version": "3.3.3",
      "dev": true,
      "license": "MIT",
      "dependencies": {
        "@nodelib/fs.stat": "^2.0.2",
        "@nodelib/fs.walk": "^1.2.3",
        "glob-parent": "^5.1.2",
        "merge2": "^1.3.0",
        "micromatch": "^4.0.8"
      },
      "engines": {
        "node": ">=8.6.0"
      }
    },
    "node_modules/fast-glob/node_modules/glob-parent": {
      "version": "5.1.2",
      "dev": true,
      "license": "ISC",
      "dependencies": {
        "is-glob": "^4.0.1"
      },
      "engines": {
        "node": ">= 6"
      }
    },
    "node_modules/fastq": {
      "version": "1.20.1",
      "dev": true,
      "license": "ISC",
      "dependencies": {
        "reusify": "^1.0.4"
      }
    },
    "node_modules/fill-range": {
      "version": "7.1.1",
      "dev": true,
      "licã½7¶‰žËkºwµçHÄ¸È¸Èˆ°4(€€€€€€‰‘•ØˆèÑÉÕ”°4(€€€€€€‰±¥•¹Í”ˆè€‰5%Pˆ°4(€€€€€€‰‘•Á•¹‘•¹¥•Ìˆèì4(€€€€€€€€‰½áŒµÁÉ½©•Ð½ÑåÁ•Ìˆè€ˆôÀ¸ÄÐÈ¸Àˆ°4(€€€€€€€€‰É½±±‘½Ý¸½Á±Õ¥¹ÕÑ¥±Ìˆè€‰xÄ¸À¸Àˆ4(€€€€€ô°4(€€€€€€‰‰¥¸ˆèì4(€€€€€€€€‰É½±±‘½Ý¸ˆè€‰‰¥¸½±¤¹µ©Ìˆ4(€€€€€ô°4(€€€€€€‰•¹¥¹•Ìˆèì4(€€€€€€€€‰¹½‘”ˆè€‰xÈÀ¸Ää¸Àñð€øôÈÈ¸ÄÈ¸Àˆ4(€€€€€ô°4(€€€€€€‰½ÁÑ¥½¹…±•Á•¹‘•¹¥•Ìˆèì4(€€€€€€€€‰É½±±‘½Ý¸½‰¥¹‘¥¹œµ…¹‘É½¥µ…É´ØÐˆè€ˆÄ¸È¸Èˆ°4(€€€€€€€€‰É½±±‘½Ý¸½‰¥¹‘¥¹œµ‘…ÉÝ¥¸µ…É´ØÐˆè€ˆÄ¸È¸Èˆ°4(€€€€€€€€‰É½±±‘½Ý¸½‰¥¹‘¥¹œµ‘…ÉÝ¥¸µàØÐˆè€ˆÄ¸È¸Èˆ°4(€€€€€€€€‰É½±±‘½Ý¸½‰¥¹‘¥¹œµ™É••‰ÍµàØÐˆè€ˆÄ¸È¸Èˆ°4(€€€€€€€€‰É½±±‘½Ý¸½‰¥¹‘¥¹œµ±¥¹Õàµ…É´µ¹Õ•…‰¥¡˜ˆè€ˆÄ¸È¸Èˆ°4(€€€€€€€€‰É½±±‘½Ý¸½‰¥¹‘¥¹œµ±¥¹Õàµ…É´ØÐµ¹Ôˆè€ˆÄ¸È¸Èˆ°4(€€€€€€€€‰É½±±‘½Ý¸½‰¥¹‘¥¹œµ±¥¹Õàµ…É´ØÐµµÕÍ°ˆè€ˆÄ¸È¸Èˆ°4(€€€€€€€€‰É½±±‘½Ý¸½‰¥¹‘¥¹œµ±¥¹ÕàµÁÁŒØÐµ¹Ôˆè€ˆÄ¸È¸Èˆ°4(€€€€€€€€‰É½±±‘½Ý¸½‰¥¹‘¥¹œµ±¥¹ÕàµÌÌäÁàµ¹Ôˆè€ˆÄ¸È¸Èˆ°4(€€€€€€€€‰É½±±‘½Ý¸½‰¥¹‘¥¹œµ±¥¹ÕàµàØÐµ¹Ôˆè€ˆÄ¸È¸Èˆ°4(€€€€€€€€‰É½±±‘½Ý¸½‰¥¹‘¥¹œµ±¥¹ÕàµàØÐµµÕÍ°ˆè€ˆÄ¸È¸Èˆ°4(€€€€€€€€‰É½±±‘½Ý¸½‰¥¹‘¥¹œµ½Á•¹¡…Éµ½¹äµ…É´ØÐˆè€ˆÄ¸È¸Èˆ°4(€€€€€€€€‰É½±±‘½Ý¸½‰¥¹‘¥¹œµÝ¥¸ÌÈµ…É´ØÐµµÍÙŒˆè€ˆÄ¸È¸Èˆ°4(€€€€€€€€‰É½±±‘½Ý¸½‰¥¹‘¥¹œµÝ¥¸ÌÈµàØÐµµÍÙŒˆè€ˆÄ¸È¸Èˆ4(€€€€€ô4(€€€ô°4(€€€€‰¹½‘•}µ½‘Õ±•Ì½É½±±ÕÀˆèì4(€€€€€€‰Ù•ÉÍ¥½¸ˆè€ˆÐ¸ØÈ¸Ðˆ°4(€€€€€€‰‘•ØˆèÑÉÕ”°4(€€€€€€‰±¥•¹Í”ˆè€‰5%Pˆ°4(€€€€€€‰‘•Á•¹‘•¹¥•Ìˆèì4(€€€€€€€€‰ÑåÁ•Ì½•ÍÑÉ•”ˆè€ˆÄ¸À¸äˆ4(€€€€€ô°4(€€€€€€‰‰¥¸ˆèì4(€€€€€€€€‰É½±±ÕÀˆè€‰‘¥ÍÐ½‰¥¸½É½±±ÕÀˆ4(€€€€€ô°4(€€€€€€‰•¹¥¹•Ìˆèì4(€€€€€€€€‰¹½‘”ˆè€ˆøôÄà¸À¸Àˆ°4(€€€€€€€€‰¹Á´ˆè€ˆøôà¸À¸Àˆ4(€€€€€ô°4(€€€€€€‰½ÁÑ¥½¹…±•Á•¹‘•¹¥•Ìˆèì4(€€€€€€€€‰¹…Á¤µÉÌ½±éµ„µ±¥¹ÕàµàØÐµ¹Ôˆè€ˆÄ¸Ô¸Äˆ°4(€€€€€€€€‰É½±±ÕÀ½É½±±ÕÀµ…¹‘É½¥µ…É´µ•…‰¤ˆè€ˆÐ¸ØÈ¸Ðˆ°4(€€€€€€€€‰É½±±ÕÀ½É½±±ÕÀµ…¹‘É½¥µ…É´ØÐˆè€ˆÐ¸ØÈ¸Ðˆ°4(€€€€€€€€‰É½±±ÕÀ½É½±±ÕÀµ‘…ÉÝ¥¸µ…É´ØÐˆè€ˆÐ¸ØÈ¸Ðˆ°4(€€€€€€€€‰É½±±ÕÀ½É½±±ÕÀµ‘…ÉÝ¥¸µàØÐˆè€ˆÐ¸ØÈ¸Ðˆ°4(€€€€€€€€‰É½±±ÕÀ½É½±±ÕÀµ™É••‰Íµ…É´ØÐˆè€ˆÐ¸ØÈ¸Ðˆ°4(€€€€€€€€‰É½±±ÕÀ½É½±±ÕÀµ™É••‰ÍµàØÐˆè€ˆÐ¸ØÈ¸Ðˆ°4(€€€€€€€€‰É½±±ÕÀ½É½±±ÕÀµ±¥¹Õàµ…É´µ¹Õ•…‰¥¡˜ˆè€ˆÐ¸ØÈ¸Ðˆ°4(€€€€€€€€‰É½±±ÕÀ½É½±±ÕÀµ±¥¹Õàµ…É´µµÕÍ±•…‰¥¡˜ˆè€ˆÐ¸ØÈ¸Ðˆ°4(€€€€€€€€‰É½±±ÕÀ½É½±±ÕÀµ±¥¹Õàµ…É´ØÐµ¹Ôˆè€ˆÐ¸ØÈ¸Ðˆ°4(€€€€€€€€‰É½±±ÕÀ½É½±±ÕÀµ±¥¹Õàµ…É´ØÐµµÕÍ°ˆè€ˆÐ¸ØÈ¸Ðˆ°4(€€€€€€€€‰É½±±ÕÀ½É½±±ÕÀµ±¥¹Õàµ±½½¹œØÐµ¹Ôˆè€ˆÐ¸ØÈ¸Ðˆ°4(€€€€€€€€‰É½±±ÕÀ½É½±±ÕÀµ±¥¹Õàµ±½½¹œØÐµµÕÍ°ˆè€ˆÐ¸ØÈ¸Ðˆ°4(€€€€€€€€‰É½±±ÕÀ½É½±±ÕÀµ±¥¹ÕàµÁÁŒØÐµ¹Ôˆè€ˆÐ¸ØÈ¸Ðˆ°4(€€€€€€€€‰É½±±ÕÀ½É½±±ÕÀµ±¥¹ÕàµÁÁŒØÐµµÕÍ°ˆè€ˆÐ¸ØÈ¸Ðˆ°4(€€€€€€€€‰É½±±ÕÀ½É½±±ÕÀµ±¥¹ÕàµÉ¥ÍØØÐµ¹Ôˆè€ˆÐ¸ØÈ¸Ðˆ°4(€€€€€€€€‰É½±±ÕÀ½É½±±ÕÀµ±¥¹ÕàµÉ¥ÍØØÐµµÕÍ°ˆè€ˆÐ¸ØÈ¸Ðˆ°4(€€€€€€€€‰É½±±ÕÀ½É½±±ÕÀµ±¥¹ÕàµÌÌäÁàµ¹Ôˆè€ˆÐ¸ØÈ¸Ðˆ°4(€€€€€€€€‰É½±±ÕÀ½É½±±ÕÀµ±¥¹ÕàµàØÐµ¹Ôˆè€ˆÐ¸ØÈ¸Ðˆ°4(€€€€€€€€‰É½±±ÕÀ½É½±±ÕÀµ±¥¹ÕàµàØÐµµÕÍ°ˆè€ˆÐ¸ØÈ¸Ðˆ°4(€€€€€€€€‰É½±±ÕÀ½É½±±ÕÀµ½Á•¹‰ÍµàØÐˆè€ˆÐ¸ØÈ¸Ðˆ°4(€€€€€€€€‰É½±±ÕÀ½É½±±ÕÀµ½Á•¹¡…Éµ½¹äµ…É´ØÐˆè€ˆÐ¸ØÈ¸Ðˆ°4(€€€€€€€€‰É½±±ÕÀ½É½±±ÕÀµÝ¥¸ÌÈµ…É´ØÐµµÍÙŒˆè€ˆÐ¸ØÈ¸Ðˆ°4(€€€€€€€€‰É½±±ÕÀ½É½±±ÕÀµÝ¥¸ÌÈµ¥„ÌÈµµÍÙŒˆè€ˆÐ¸ØÈ¸Ðˆ°4(€€€€€€€€‰É½±±ÕÀ½É½±±ÕÀµÝ¥¸ÌÈµàØÐµ¹Ôˆè€ˆÐ¸ØÈ¸Ðˆ°4(€€€€€€€€‰É½±±ÕÀ½É½±±ÕÀµÝ¥¸ÌÈµàØÐµµÍÙŒˆè€ˆÐ¸ØÈ¸Ðˆ°4(€€€€€€€€‰™Í•Ù•¹ÑÌˆè€‰øÈ¸Ì¸Èˆ4(€€€€€ô4(€€€ô°4(€€€€‰¹½‘•}µ½‘Õ±•Ì½ÉÕ¸µÁ…É…±±•°ˆèì4(€€€€€€‰Ù•ÉÍ¥½¸ˆè€ˆÄ¸È¸Àˆ°4(€€€€€€‰‘•ØˆèÑÉÕ”°4(€€€€€€‰™Õ¹‘¥¹œˆèl4(€€€€€€€ì4(€€€€€€€€€€‰ÑåÁ”ˆè€‰¥Ñ¡Õˆˆ°4(€€€€€€€€€€‰ÕÉ°ˆè€‰¡ÑÑÁÌè¼½¥Ñ¡Õˆ¹½´½ÍÁ½¹Í½ÉÌ½™•É½ÍÌˆ4(€€€€€€€ô°4(€€€€€€€ì4(€€€€€€€€€€‰ÑåÁ”ˆè€‰Á…ÑÉ•½¸ˆ°4(€€€€€€€€€€‰ÕÉ°ˆè€‰¡ÑÑÁÌè¼½ÝÝÜ¹Á…ÑÉ•½¸¹½´½™•É½ÍÌˆ4(€€€€€€€ô°4(€€€€€€€ì4(€€€€€€€€€€‰ÑåÁ”ˆè€‰½¹ÍÕ±Ñ¥¹œˆ°4(€€€€€€€€€€‰ÕÉ°ˆè€‰¡ÑÑÁÌè¼½™•É½ÍÌ¹½Éœ½ÍÕÁÁ½ÉÐˆ4(€€€€€€€ô4(€€€€€t°4(€€€€€€‰±¥•¹Í”ˆè€‰5%Pˆ°4(€€€€€€‰‘•Á•¹‘•¹¥•Ìˆèì4(€€€€€€€€‰ÅÕ•Õ”µµ¥É½Ñ…Í¬ˆè€‰xÄ¸È¸Èˆ4(€€€€€ô4(€€€ô°4(€€€€‰¹½‘•}µ½‘Õ±•Ì½Í¡•‘Õ±•Èˆèì4(€€€€€€‰Ù•ÉÍ¥½¸ˆè€ˆÀ¸ÈÜ¸Àˆ°4(€€€€€€‰±¥•¹Í”ˆè€‰5%Pˆ4(€€€ô°4(€€€€‰¹½‘•}µ½‘Õ±•Ì½ÍÉ½±°µÍÉÕˆµÙ¥‘•¼ˆèì4(€€€€€€‰É•Í½±Ù•ˆè€‰Á…­…•Ì½ÍÉ½±°µÍÉÕˆµÙ¥‘•¼ˆ°4(€€€€€€‰±¥¹¬ˆèÑÉÕ”4(€€€ô°4(€€€€‰¹½‘•}µ½‘Õ±•Ì½Í½ÕÉ”µµ…Àˆèì4(€€€€€€‰Ù•ÉÍ¥½¸ˆè€ˆÀ¸Ü¸Øˆ°4(€€€€€€‰‘•ØˆèÑÉÕ”°4(€€€€€€‰±¥•¹Í”ˆè€‰	M´Ìµ±…ÕÍ”ˆ°4(€€€€€€‰•¹¥¹•Ìˆèì4(€€€€€€€€‰¹½‘”ˆè€ˆøô€ÄÈˆ4(€€€€€ô4(€€€ô°4(€€€€‰¹½‘•}µ½‘Õ±•Ì½Í½ÕÉ”µµ…Àµ©Ìˆèì4(€€€€€€‰Ù•ÉÍ¥½¸ˆè€ˆÄ¸È¸Äˆ°4(€€€€€€‰‘•ØˆèÑÉÕ”°4(€€€€€€‰±¥•¹Í”ˆè€‰	M´Ìµ±…ÕÍ”ˆ°4(€€€€€€‰•¹¥¹•Ìˆèì4(€€€€€€€€‰¹½‘”ˆè€ˆøôÀ¸ÄÀ¸Àˆ4(€€€€€ô4(€€€ô°4(€€€€‰¹½‘•}µ½‘Õ±•Ì½ÍÕÉ…Í”ˆèì4(€€€€€€‰Ù•ÉÍ¥½¸ˆè€ˆÌ¸ÌÔ¸Äˆ°4(€€€€€€‰‘•ØˆèÑÉÕ”°4(€€€€€€‰±¥•¹Í”ˆè€‰5%Pˆ°4(€€€€€€‰‘•Á•¹‘•¹¥•Ìˆèì4(€€€€€€€€‰©É¥‘•Ý•±°½•¸µµ…ÁÁ¥¹œˆè€‰xÀ¸Ì¸Èˆ°4(€€€€€€€€‰½µµ…¹‘•Èˆè€‰xÐ¸À¸Àˆ°4(€€€€€€€€‰±¥¹•Ìµ…¹µ½±Õµ¹Ìˆè€‰xÄ¸Ä¸Øˆ°4(€€€€€€€€‰µèˆè€‰xÈ¸Ü¸Àˆ°4(€€€€€€€€‰Á¥É…Ñ•Ìˆè€‰xÐ¸À¸Äˆ°4(€€€€€€€€‰Ñ¥¹å±½‰‰äˆè€‰xÀ¸È¸ÄÄˆ°4(€€€€€€€€‰ÑÌµ¥¹Ñ•É™…”µ¡•­•Èˆè€‰xÀ¸Ä¸äˆ4(€€€€€ô°4(€€€€€€‰‰¥¸ˆèì4(€€€€€€€€‰ÍÕÉ…Í”ˆè€‰‰¥¸½ÍÕÉ…Í”ˆ°4(€€€€€€€€‰ÍÕÉ…Í”µ¹½‘”ˆè€‰‰¥¸½ÍÕÉ…Í”µ¹½‘”ˆ4(€€€€€ô°4(€€€€€€‰•¹¥¹•Ìˆèì4(€€€€€€€€‰¹½‘”ˆè€ˆøôÄØñð€ÄÐ€øôÄÐ¸ÄÜˆ4(€€€€€ô4(€€€ô°4(€€€€‰¹½‘•}µ½‘Õ±•Ì½ÍÕÁÁ½ÉÑÌµÁÉ•Í•ÉÙ”µÍåµ±¥¹­Ìµ™±…œˆèì4(€€€€€€‰Ù•ÉÍ¥½¸ˆè€ˆÄ¸À¸Àˆ°4(€€€€€€‰‘•ØˆèÑÉÕ”°4(€€€€€€‰±¥•¹Í”ˆè€‰5%Pˆ°4(€€€€€€‰•¹¥¹•Ìˆèì4(€€€€€€€€‰¹½‘”ˆè€ˆøô€À¸Ðˆ4(€€€€€ô°4(€€€€€€‰™Õ¹‘¥¹œˆèì4(€€€€€€€€‰ÕÉ°ˆè€‰¡ÑÑÁÌè¼½¥Ñ¡Õˆ¹½´½ÍÁ½¹Í½ÉÌ½±©¡…Éˆˆ4(€€€€€ô4(€€€ô°4(€€€€‰¹½‘•}µ½‘Õ±•Ì½Ñ…¥±Ý¥¹‘ÍÌˆèì4(€€€€€€‰Ù•ÉÍ¥½¸ˆè€ˆÌ¸Ð¸Ääˆ°4(€€€€€€‰‘•ØˆèÑÉÕ”°4(€€€€€€‰±¥•¹Í”ˆè€‰5%Pˆ°4(€€€€€€‰‘•Á•¹‘•¹¥•Ìˆèì4(€€€€€€€€‰…±±½Œ½ÅÕ¥¬µ±ÉÔˆè€‰xÔ¸È¸Àˆ°4(€€€€€€€€‰…Éœˆè€‰xÔ¸À¸Èˆ°4(€€€€€€€€‰¡½­¥‘…Èˆè€‰xÌ¸Ø¸Àˆ°4(€€€€€€€€‰‘¥‘å½Õµ•…¸ˆè€‰xÄ¸È¸Èˆ°4(€€€€€€€€‰‘±Øˆè€‰xÄ¸Ä¸Ìˆ°4(€€€€€€€€‰™…ÍÐµ±½ˆˆè€‰xÌ¸Ì¸Èˆ°4(€€€€€€€€‰±½ˆµÁ…É•¹Ðˆè€‰xØ¸À¸Èˆ°4(€€€€€€€€‰¥Ìµ±½ˆˆè€‰xÐ¸À¸Ìˆ°4(€€€€€€€€‰©¥Ñ¤ˆè€‰xÄ¸ÈÄ¸Üˆ°4(€€€€€€€€‰±¥±½¹™¥œˆè€‰xÌ¸Ä¸Ìˆ°4(€€€€€€€€‰µ¥É½µ…Ñ ˆè€‰xÐ¸À¸àˆ°4(€€€€€€€€‰¹½Éµ…±¥é”µÁ…Ñ ˆè€‰xÌ¸À¸Àˆ°4(€€€€€€€€‰½‰©•Ðµ¡…Í ˆè€‰xÌ¸À¸Àˆ°4(€€€€€€€€‰Á¥½½±½ÉÌˆè€‰xÄ¸Ä¸Äˆ°4(€€€€€€€€‰Á½ÍÑÍÌˆè€‰xà¸Ð¸ÐÜˆ°4(€€€€€€€€‰Á½ÍÑÍÌµ¥µÁ½ÉÐˆè€‰xÄÔ¸Ä¸Àˆ°4(€€€€€€€€‰Á½ÍÑÍÌµ©Ìˆè€‰xÐ¸À¸Äˆ°4(€€€€€€€€‰Á½ÍÑÍÌµ±½…µ½¹™¥œˆè€‰xÐ¸À¸ÈñðxÔ¸ÀñðxØ¸Àˆ°4(€€€€€€€€‰Á½ÍÑÍÌµ¹•ÍÑ•ˆè€‰xØ¸È¸Àˆ°4(€€€€€€€€‰Á½ÍÑÍÌµÍ•±•Ñ½ÈµÁ…ÉÍ•Èˆè€‰xØ¸Ä¸Èˆ°4(€€€€€€€€‰É•Í½±Ù”ˆè€‰xÄ¸ÈÈ¸àˆ°4(€€€€€€€€‰ÍÕÉ…Í”ˆè€‰xÌ¸ÌÔ¸Àˆ4(€€€€€ô°4(€€€€€€‰‰¥¸ˆèì4(€€€€€€€€‰Ñ…¥±Ý¥¹ˆè€‰±¥ˆ½±¤¹©Ìˆ°4(€€€€€€€€‰Ñ…¥±Ý¥¹‘ÍÌˆè€‰±¥ˆ½±¤¹©Ìˆ4(€€€€€ô°4(€€€€€€‰•¹¥¹•Ìˆèì4(€€€€€€€€‰¹½‘”ˆè€ˆøôÄÐ¸À¸Àˆ4(€€€€€ô4(€€€ô°4(€€€€‰¹½‘•}µ½‘Õ±•Ì½Ñ¡•¹¥™äˆèì4(€€€€€€‰Ù•ÉÍ¥½¸ˆè€ˆÌ¸Ì¸Äˆ°4(€€€€€€‰‘•ØˆèÑÉÕ”°4(€€€€€€‰±¥•¹Í”ˆè€‰5%Pˆ°4(€€€€€€‰‘•Á•¹‘•¹¥•Ìˆèì4(€€€€€€€€‰…¹äµÁÉ½µ¥Í”ˆè€‰xÄ¸À¸Àˆ4(€€€€€ô4(€€€ô°4(€€€€‰¹½‘•}µ½‘Õ±•Ì½Ñ¡•¹¥™äµ…±°ˆèì4(€€€€€€‰Ù•ÉÍ¥½¸ˆè€ˆÄ¸Ø¸Àˆ°4(€€€€€€‰‘•ØˆèÑÉÕ”°4(€€€€€€‰±¥•¹Í”ˆè€‰5%Pˆ°4(€€€€€€‰‘•Á•¹‘•¹¥•Ìˆèì4(€€€€€€€€‰Ñ¡•¹¥™äˆè€ˆøô€Ì¸Ä¸À€ð€Ðˆ4(€€€€€ô°4(€€€€€€‰•¹¥¹•Ìˆèì4(€€€€€€€€‰¹½‘”ˆè€ˆøôÀ¸àˆ4(€€€€€ô4(€€€ô°4(€€€€‰¹½‘•}µ½‘Õ±•Ì½Ñ¥¹å•á•Œˆèì4(€€€€€€‰Ù•ÉÍ¥½¸ˆè€ˆÀ¸Ì¸Èˆ°4(€€€€€€‰‘•ØˆèÑÉÕ”°4(€€€€€€‰±¥•¹Í”ˆè€‰5%Pˆ4(€€€ô°4(€€€€‰¹½‘•}µ½‘Õ±•Ì½Ñ¥¹å±½‰‰äˆèì4(€€€€€€‰Ù•ÉÍ¥½¸ˆè€ˆÀ¸È¸ÄÜˆ°4(€€€€€€‰‘•ØˆèÑÉÕ”°4(€€€€€€‰±¥•¹Í”ˆè€‰5%Pˆ°4(€€€€€€‰‘•Á•¹‘•¹¥•Ìˆèì4(€€€€€€€€‰™‘¥Èˆè€‰xØ¸Ô¸Àˆ°4(€€€€€€€€‰Á¥½µ…Ñ ˆè€‰xÐ¸À¸Ðˆ4(€€€€€ô°4(€€€€€€‰•¹¥¹•Ìˆèì4(€€€€€€€€‰¹½‘”ˆè€ˆøôÄÈ¸À¸Àˆ4(€€€€€ô°4(€€€€€€‰™Õ¹‘¥¹œˆèì4(€€€€€€€€‰ÕÉ°ˆè€‰¡ÑÑÁÌè¼½¥Ñ¡Õˆ¹½´½ÍÁ½¹Í½ÉÌ½MÕÁ•É¡ÕÁÕ•Øˆ4(€€€€€ô4(€€€ô°4(€€€€‰¹½‘•}µ½‘Õ±•Ì½Ñ¥¹å±½‰‰ä½¹½‘•}µ½‘Õ±•Ì½™‘¥Èˆèì4(€€€€€€‰Ù•ÉÍ¥½¸ˆè€ˆØ¸Ô¸Àˆ°4(€€€€€€‰‘•ØˆèÑÉÕ”°4(€€€€€€‰±¥•¹Í”ˆè€‰5%Pˆ°4(€€€€€€‰•¹¥¹•Ìˆèì4(€€€€€€€€‰¹½‘”ˆè€ˆøôÄÈ¸À¸Àˆ4(€€€€€ô°4(€€€€€€‰Á••É•Á•¹‘•¹¥•Ìˆèì4(€€€€€€€€‰Á¥½µ…Ñ ˆè€‰xÌñðxÐˆ4(€€€€€ô°4(€€€€€€‰Á••É•Á•¹‘•¹¥•Í5•Ñ„ˆèì4(€€€€€€€€‰Á¥½µ…Ñ ˆèì4(€€€€€€€€€€‰½ÁÑ¥½¹…°ˆèÑÉÕ”4(€€€€€€€ô4(€€€€€ô4(€€€ô°4(€€€€‰¹½‘•}µ½‘Õ±•Ì½Ñ¥¹å±½‰‰ä½¹½‘•}µ½‘Õ±•Ì½Á¥½µ…Ñ ˆèì4(€€€€€€‰Ù•ÉÍ¥½¸ˆè€ˆÐ¸À¸Ôˆ°4(€€€€€€‰‘•ØˆèÑÉÕ”°4(€€€€€€‰±¥•¹Í”ˆè€‰5%Pˆ°4(€€€€€€‰•¹¥¹•Ìˆèì4(€€€€€€€€‰¹½‘”ˆè€ˆøôÄÈˆ4(€€€€€ô°4(€€€€€€‰™Õ¹‘¥¹œˆèì4(€€€€€€€€‰ÕÉ°ˆè€‰¡ÑÑÁÌè¼½¥Ñ¡Õˆ¹½´½ÍÁ½¹Í½ÉÌ½©½¹Í¡±¥¹­•ÉÐˆ4(€€€€€ô4(€€€ô°4(€€€€‰¹½‘•}µ½‘Õ±•Ì½Ñ¼µÉ••àµÉ…¹”ˆèì4(€€€€€€‰Ù•ÉÍ¥½¸ˆè€ˆÔ¸À¸Äˆ°4(€€€€€€‰‘•ØˆèÑÉÕ”°4(€€€€€€‰±¥•¹Í”ˆè€‰5%Pˆ°4(€€€€€€‰‘•Á•¹‘•¹¥•Ìˆèì4(€€€€€€€€‰¥Ìµ¹Õµ‰•Èˆè€‰xÜ¸À¸Àˆ4(€€€€€ô°4(€€€€€€‰•¹¥¹•Ìˆèì4(€€€€€€€€‰¹½‘”ˆè€ˆøôà¸Àˆ4(€€€€€ô4(€€€ô°4(€€€€‰¹½‘•}µ½‘Õ±•Ì½ÑÉ•”µ­¥±°ˆèì4(€€€€€€‰Ù•ÉÍ¥½¸ˆè€ˆÄ¸È¸Èˆ°4(€€€€€€‰‘•ØˆèÑÉÕ”°4(€€€€€€‰±¥•¹Í”ˆè€‰5%Pˆ°4(€€€€€€‰‰¥¸ˆèì4(€€€€€€€€‰ÑÉ•”µ­¥±°ˆè€‰±¤¹©Ìˆ4(€€€€€ô4(€€€ô°4(€€€€‰¹½‘•}µ½‘Õ±•Ì½ÑÌµ¥¹Ñ•É™…”µ¡•­•Èˆèì4(€€€€€€‰Ù•ÉÍ¥½¸ˆè€ˆÀ¸Ä¸ÄÌˆ°4(€€€€€€‰‘•ØˆèÑÉÕ”°4(€€€€€€‰±¥•¹Í”ˆè€‰Á…¡”´È¸Àˆ4(€€€ô°4(€€€€‰¹½‘•}µ½‘Õ±•Ì½ÑÍÕÀˆèì4(€€€€€€‰Ù•ÉÍ¥½¸ˆè€ˆà¸Ô¸Äˆ°4(€€€€€€‰‘•ØˆèÑÉÕ”°4(€€€€€€‰±¥•¹Í”ˆè€‰5%Pˆ°4(€€€€€€‰‘•Á•¹‘•¹¥•Ìˆèì4(€€€€€€€€‰‰Õ¹‘±”µÉ•ÅÕ¥É”ˆè€‰xÔ¸Ä¸Àˆ°4(€€€€€€€€‰…Œˆè€‰xØ¸Ü¸ÄÐˆ°4(€€€€€€€€‰¡½­¥‘…Èˆè€‰xÐ¸À¸Ìˆ°4(€€€€€€€€‰½¹Í½±„ˆè€‰xÌ¸Ð¸Àˆ°4(€€€€€€€€‰‘•‰Õœˆè€‰xÐ¸Ð¸Àˆ°4(€€€€€€€€‰•Í‰Õ¥±ˆè€‰xÀ¸ÈÜ¸Àˆ°4(€€€€€€€€‰™¥àµ‘ÑÌµ‘•™…Õ±Ðµ©Ìµ•áÁ½ÉÑÌˆè€‰xÄ¸À¸Àˆ°4(€€€€€€€€‰©½å½¸ˆè€‰xÌ¸Ä¸Äˆ°4(€€€€€€€€‰Á¥½½±½ÉÌˆè€‰xÄ¸Ä¸Äˆ°4(€€€€€€€€‰Á½ÍÑÍÌµ±½…µ½¹™¥œˆè€‰xØ¸À¸Äˆ°4(€€€€€€€€‰É•Í½±Ù”µ™É½´ˆè€‰xÔ¸À¸Àˆ°4(€€€€€€€€‰É½±±ÕÀˆè€‰xÐ¸ÌÐ¸àˆ°4(€€€€€€€€‰Í½ÕÉ”µµ…Àˆè€‰xÀ¸Ü¸Øˆ°4(€€€€€€€€‰ÍÕÉ…Í”ˆè€‰xÌ¸ÌÔ¸Àˆ°4(€€€€€€€€‰Ñ¥¹å•á•Œˆè€‰xÀ¸Ì¸Èˆ°4(€€€€€€€€‰Ñ¥¹å±½‰‰äˆè€‰xÀ¸È¸ÄÄˆ°4(€€€€€€€€‰ÑÉ•”µ­¥±°ˆè€‰xÄ¸È¸Èˆ4(€€€€€ô°4(€€€€€€‰‰¥¸ˆèì4(€€€€€€€€‰ÑÍÕÀˆè€‰‘¥ÍÐ½±¤µ‘•™…Õ±Ð¹©Ìˆ°4(€€€€€€€€‰ÑÍÕÀµ¹½‘”ˆè€‰‘¥ÍÐ½±¤µ¹½‘”¹©Ìˆ4(€€€€€ô°4(€€€€€€‰•¹¥¹•Ìˆèì4(€€€€€€€€‰¹½‘”ˆè€ˆøôÄàˆ4(€€€€€ô°4(€€€€€€‰Á••É•Á•¹‘•¹¥•Ìˆèì4(€€€€€€€€‰µ¥É½Í½™Ð½…Á¤µ•áÑÉ…Ñ½Èˆè€‰xÜ¸ÌØ¸Àˆ°4(€€€€€€€€‰ÍÝŒ½½É”ˆè€‰xÄˆ°4(€€€€€€€€‰Á½ÍÑÍÌˆè€‰xà¸Ð¸ÄÈˆ°4(€€€€€€€€‰ÑåÁ•ÍÉ¥ÁÐˆè€ˆøôÐ¸Ô¸Àˆ4(€€€€€ô°4(€€€€€€‰Á••É•Á•¹‘•¹¥•Í5•Ñ„ˆèì4(€€€€€€€€‰µ¥É½Í½™Ð½…Á¤µ•áÑÉ…Ñ½Èˆèì4(€€€€€€€€€€‰½ÁÑ¥½¹…°ˆèÑÉÕ”4(€€€€€€€ô°4(€€€€€€€€‰ÍÝŒ½½É”ˆèì4(€€€€€€€€€€‰½ÁÑ¥½¹…°ˆèÑÉÕ”4(€€€€€€€ô°4(€€€€€€€€‰Á½ÍÑÍÌˆèì4(€€€€€€€€€€‰½ÁÑ¥½¹…°ˆèÑÉÕ”4(€€€€€€€ô°4(€€€€€€€€‰ÑåÁ•ÍÉ¥ÁÐˆèì4(€€€€€€€€€€‰½ÁÑ¥½¹…°ˆèÑÉÕ”4(€€€€€€€ô4(€€€€€ô4(€€€ô°4(€€€€‰¹½‘•}µ½‘Õ±•Ì½ÑÍÕÀ½¹½‘•}µ½‘Õ±•Ì½¡½­¥‘…Èˆèì4(€€€€€€‰Ù•ÉÍ¥½¸ˆè€ˆÐ¸À¸Ìˆ°4(€€€€€€‰‘•ØˆèÑÉÕ”°4(€€€€€€‰±¥•¹Í”ˆè€‰5%Pˆ°4(€€€€€€‰‘•Á•¹‘•¹¥•Ìˆèì4(€€€€€€€€‰É•…‘‘¥ÉÀˆè€‰xÐ¸À¸Äˆ4(€€€€€ô°4(€€€€€€‰•¹¥¹•Ìˆèì4(€€€€€€€€‰¹½‘”ˆè€ˆøô€ÄÐ¸ÄØ¸Àˆ4(€€€€€ô°4(€€€€€€‰™Õ¹‘¥¹œˆèì4(€€€€€€€€‰ÕÉ°ˆè€‰¡ÑÑÁÌè¼½Á…Õ±µ¥±±È¹½´½™Õ¹‘¥¹œ¼ˆ4(€€€€€ô4(€€€ô°4(€€€€‰¹½‘•}µ½‘Õ±•Ì½ÑÍÕÀ½¹½‘•}µ½‘Õ±•Ì½É•…‘‘¥ÉÀˆèì4(€€€€€€‰Ù•ÉÍ¥½¸ˆè€ˆÐ¸Ä¸Èˆ°4(€€€€€€‰‘•ØˆèÑÉÕ”°4(€€€€€€‰±¥•¹Í”ˆè€‰5%Pˆ°4(€€€€€€‰•¹¥¹•Ìˆèì4(€€€€€€€€‰¹½‘”ˆè€ˆøô€ÄÐ¸Äà¸Àˆ4(€€€€€ô°4(€€€€€€‰™Õ¹‘¥¹œˆèì4(€€€€€€€€‰ÑåÁ”ˆè€‰¥¹‘¥Ù¥‘Õ…°ˆ°4(€€€€€€€€‰ÕÉ°ˆè€‰¡ÑÑÁÌè¼½Á…Õ±µ¥±±È¹½´½™Õ¹‘¥¹œ¼ˆ4(€€€€€ô4(€€€ô°4(€€€€‰¹½‘•}µ½‘Õ±•Ì½ÑåÁ•ÍÉ¥ÁÐˆèì4(€€€€€€‰Ù•ÉÍ¥½¸ˆè€ˆÜ¸À¸Èˆ°4(€€€€€€‰‘•ØˆèÑÉÕ”°4(€€€€€€‰±¥•¹Í”ˆè€‰Á…¡”´È¸Àˆ°4(€€€€€€‰‰¥¸ˆèì4(€€€€€€€€‰ÑÍŒˆè€‰‰¥¸½ÑÍŒˆ4(€€€€€ô°4(€€€€€€‰•¹¥¹•Ìˆèì4(€€€€€€€€‰¹½‘”ˆè€ˆøôÄØ¸ÈÀ¸Àˆ4(€€€€€ô°4(€€€€€€‰½ÁÑ¥½¹…±•Á•¹‘•¹¥•Ìˆèì4(€€€€€€€€‰ÑåÁ•ÍÉ¥ÁÐ½ÑåÁ•ÍÉ¥ÁÐµ…¥àµÁÁŒØÐˆè€ˆÜ¸À¸Èˆ°4(€€€€€€€€‰ÑåÁ•ÍÉ¥ÁÐ½ÑåÁ•ÍÉ¥ÁÐµ‘…ÉÝ¥¸µ…É´ØÐˆè€ˆÜ¸À¸Èˆ°4(€€€€€€€€‰ÑåÁ•ÍÉ¥ÁÐ½ÑåÁ•ÍÉ¥ÁÐµ‘…ÉÝ¥¸µàØÐˆè€ˆÜ¸À¸Èˆ°4(€€€€€€€€‰ÑåÁ•ÍÉ¥ÁÐ½ÑåÁ•ÍÉ¥ÁÐµ™É••‰Íµ…É´ØÐˆè€ˆÜ¸À¸Èˆ°4(€€€€€€€€‰ÑåÁ•ÍÉ¥ÁÐ½ÑåÁ•ÍÉ¥ÁÐµ™É••‰ÍµàØÐˆè€ˆÜ¸À¸Èˆ°4(€€€€€€€€‰ÑåÁ•ÍÉ¥ÁÐ½ÑåÁ•ÍÉ¥ÁÐµ±¥¹Õàµ…É´ˆè€ˆÜ¸À¸Èˆ°4(€€€€€€€€‰ÑåÁ•ÍÉ¥ÁÐ½ÑåÁ•ÍÉ¥ÁÐµ±¥¹Õàµ…É´ØÐˆè€ˆÜ¸À¸Èˆ°4(€€€€€€€€‰ÑåÁ•ÍÉ¥ÁÐ½ÑåÁ•ÍÉ¥ÁÐµ±¥¹Õàµ±½½¹œØÐˆè€ˆÜ¸À¸Èˆ°4(€€€€€€€€‰ÑåÁ•ÍÉ¥ÁÐ½ÑåÁ•ÍÉ¥ÁÐµ±¥¹Õàµµ¥ÁÌØÑ•°ˆè€ˆÜ¸À¸Èˆ°4(€€€€€€€€‰ÑåÁ•ÍÉ¥ÁÐ½ÑåÁ•ÍÉ¥ÁÐµ±¥¹ÕàµÁÁŒØÐˆè€ˆÜ¸À¸Èˆ°4(€€€€€€€€‰ÑåÁ•ÍÉ¥ÁÐ½ÑåÁ•ÍÉ¥ÁÐµ±¥¹ÕàµÉ¥ÍØØÐˆè€ˆÜ¸À¸Èˆ°4(€€€€€€€€‰ÑåÁ•ÍÉ¥ÁÐ½ÑåÁ•ÍÉ¥ÁÐµ±¥¹ÕàµÌÌäÁàˆè€ˆÜ¸À¸Èˆ°4(€€€€€€€€‰ÑåÁ•ÍÉ¥ÁÐ½ÑåÁ•ÍÉ¥ÁÐµ±¥¹ÕàµàØÐˆè€ˆÜ¸À¸Èˆ°4(€€€€€€€€‰ÑåÁ•ÍÉ¥ÁÐ½ÑåÁ•ÍÉ¥ÁÐµ¹•Ñ‰Íµ…É´ØÐˆè€ˆÜ¸À¸Èˆ°4(€€€€€€€€‰ÑåÁ•ÍÉ¥ÁÐ½ÑåÁ•ÍÉ¥ÁÐµ¹•Ñ‰ÍµàØÐˆè€ˆÜ¸À¸Èˆ°4(€€€€€€€€‰ÑåÁ•ÍÉ¥ÁÐ½ÑåÁ•ÍÉ¥ÁÐµ½Á•¹‰Íµ…É´ØÐˆè€ˆÜ¸À¸Èˆ°4(€€€€€€€€‰ÑåÁ•ÍÉ¥ÁÐ½ÑåÁ•ÍÉ¥ÁÐµ½Á•¹‰ÍµàØÐˆè€ˆÜ¸À¸Èˆ°4(€€€€€€€€‰ÑåÁ•ÍÉ¥ÁÐ½ÑåÁ•ÍÉ¥ÁÐµÍÕ¹½ÌµàØÐˆè€ˆÜ¸À¸Èˆ°4(€€€€€€€€‰ÑåÁ•ÍÉ¥ÁÐ½ÑåÁ•ÍÉ¥ÁÐµÝ¥¸ÌÈµ…É´ØÐˆè€ˆÜ¸À¸Èˆ°4(€€€€€€€€‰ÑåÁ•ÍÉ¥ÁÐ½ÑåÁ•ÍÉ¥ÁÐµÝ¥¸ÌÈµàØÐˆè€ˆÜ¸À¸Èˆ4(€€€€€ô4(€€€ô°4(€€€€‰¹½‘•}µ½‘Õ±•Ì½Õ™¼ˆèì4(€€€€€€‰Ù•ÉÍ¥½¸ˆè€ˆÄ¸Ø¸Ðˆ°4(€€€€€€‰‘•ØˆèÑÉÕ”°4(€€€€€€‰±¥•¹Í”ˆè€‰5%Pˆ4(€€€ô°4(€€€€‰¹½‘•}µ½‘Õ±•Ì½ÕÁ‘…Ñ”µ‰É½ÝÍ•ÉÍ±¥ÍÐµ‘ˆˆèì4(€€€€€€‰Ù•ÉÍ¥½¸ˆè€ˆÄ¸È¸Ìˆ°4(€€€€€€‰‘•ØˆèÑÉÕ”°4(€€€€€€‰™Õ¹‘¥¹œˆèl4(€€€€€€€ì4(€€€€€€€€€€‰ÑåÁ”ˆè€‰½Á•¹½±±•Ñ¥Ù”ˆ°4(€€€€€€€€€€‰ÕÉ°ˆè€‰¡ÑÑÁÌè¼½½Á•¹½±±•Ñ¥Ù”¹½´½‰É½ÝÍ•ÉÍ±¥ÍÐˆ4(€€€€€€€ô°4(€€€€€€€ì4(€€€€€€€€€€‰ÑåÁ”ˆè€‰Ñ¥‘•±¥™Ðˆ°4(€€€€€€€€€€‰ÕÉ°ˆè€‰¡ÑÑÁÌè¼½Ñ¥‘•±¥™Ð¹½´½™Õ¹‘¥¹œ½¥Ñ¡Õˆ½¹Á´½‰É½ÝÍ•ÉÍ±¥ÍÐˆ4(€€€€€€€ô°4(€€€€€€€ì4(€€€€€€€€€€‰ÑåÁ”ˆè€‰¥Ñ¡Õˆˆ°4(€€€€€€€€€€‰ÕÉ°ˆè€‰¡ÑÑÁÌè¼½¥Ñ¡Õˆ¹½´½ÍÁ½¹Í½ÉÌ½…¤ˆ4(€€€€€€€ô4(€€€€€t°4(€€€€€€‰±¥•¹Í”ˆè€‰5%Pˆ°4(€€€€€€‰‘•Á•¹‘•¹¥•Ìˆèì4(€€€€€€€€‰•Í…±…‘”ˆè€‰xÌ¸È¸Àˆ°4(€€€€€€€€‰Á¥½½±½ÉÌˆè€‰xÄ¸Ä¸Äˆ4(€€€€€ô°4(€€€€€€‰‰¥¸ˆèì4(€€€€€€€€‰ÕÁ‘…Ñ”µ‰É½ÝÍ•ÉÍ±¥ÍÐµ‘ˆˆè€‰±¤¹©Ìˆ4(€€€€€ô°4(€€€€€€‰Á••É•Á•¹‘•¹¥•Ìˆèì4(€€€€€€€€‰‰É½ÝÍ•ÉÍ±¥ÍÐˆè€ˆøô€Ð¸ÈÄ¸Àˆ4(€€€€€ô4(€€€ô°4(€€€€‰¹½‘•}µ½‘Õ±•Ì½ÕÑ¥°µ‘•ÁÉ•…Ñ”ˆèì4(€€€€€€‰Ù•ÉÍ¥½¸ˆè€ˆÄ¸À¸Èˆ°4(€€€€€€‰‘•ØˆèÑÉÕ”°4(€€€€€€‰±¥•¹Í”ˆè€‰5%Pˆ4(€€€ô°4(€€€€‰¹½‘•}µ½‘Õ±•Ì½Ù¥Ñ”ˆèì4(€€€€€€‰Ù•ÉÍ¥½¸ˆè€ˆà¸È¸Àˆ°4(€€€€€€‰‘•ØˆèÑÉÕ”°4(€€€€€€‰±¥•¹Í”ˆè€‰5%Pˆ°4(€€€€€€‰‘•Á•¹‘•¹¥•Ìˆèì4(€€€€€€€€‰±¥¡Ñ¹¥¹ÍÌˆè€‰xÄ¸ÌÌ¸Àˆ°4(€€€€€€€€‰Á¥½µ…Ñ ˆè€‰xÐ¸À¸Ôˆ°4(€€€€€€€€‰Á½ÍÑÍÌˆè€‰xà¸Ô¸ÈÌˆ°4(€€€€€€€€‰É½±±‘½Ý¸ˆè€‰øÄ¸È¸Àˆ°4(€€€€€€€€‰Ñ¥¹å±½‰‰äˆè€‰xÀ¸È¸ÄÜˆ4(€€€€€ô°4(€€€€€€‰‰¥¸ˆèì4(€€€€€€€€‰Ù¥Ñ”ˆè€‰‰¥¸½Ù¥Ñ”¹©Ìˆ4(€€€€€ô°4(€€€€€€‰•¹¥¹•Ìˆèì4(€€€€€€€€‰¹½‘”ˆè€‰xÈÀ¸Ää¸Àñð€øôÈÈ¸ÄÈ¸Àˆ4(€€€€€ô°4(€€€€€€‰™Õ¹‘¥¹œˆèì4(€€€€€€€€‰ÕÉ°ˆè€‰¡ÑÑÁÌè¼½¥Ñ¡Õˆ¹½´½Ù¥Ñ•©Ì½Ù¥Ñ”ýÍÁ½¹Í½ÈôÄˆ4(€€€€€ô°4(€€€€€€‰½ÁÑ¥½¹…±•Á•¹‘•¹¥•Ìˆèì4(€€€€€€€€‰™Í•Ù•¹ÑÌˆè€‰øÈ¸Ì¸Ìˆ4(€€€€€ô°4(€€€€€€‰Á••É•Á•¹‘•¹¥•Ìˆèì4(€€€€€€€€‰ÑåÁ•Ì½¹½‘”ˆè€‰xÈÀ¸Ää¸Àñð€øôÈÈ¸ÄÈ¸Àˆ°4(€€€€€€€€‰Ù¥Ñ•©Ì½‘•ÙÑ½½±Ìˆè€‰xÀ¸Ð¸Àˆ°4(€€€€€€€€‰•Í‰Õ¥±ˆè€‰xÀ¸ÈÜ¸ÀñðxÀ¸Èà¸Àˆ°4(€€€€€€€€‰©¥Ñ¤ˆè€ˆøôÄ¸ÈÄ¸Àˆ°4(€€€€€€€€‰±•ÍÌˆè€‰xÐ¸À¸Àˆ°4(€€€€€€€€‰Í…ÍÌˆè€‰xÄ¸ÜÀ¸Àˆ°4(€€€€€€€€‰Í…ÍÌµ•µ‰•‘‘•ˆè€‰xÄ¸ÜÀ¸Àˆ°4(€€€€€€€€‰ÍÑå±ÕÌˆè€ˆøôÀ¸ÔÐ¸àˆ°4(€€€€€€€€‰ÍÕ…ÉÍÌˆè€‰xÔ¸À¸Àˆ°4(€€€€€€€€‰Ñ•ÉÍ•Èˆè€‰xÔ¸ÄØ¸Àˆ°4(€€€€€€€€‰ÑÍàˆè€‰xÐ¸à¸Äˆ°4(€€€€€€€€‰å…µ°ˆè€‰xÈ¸Ð¸Èˆ4(€€€€€ô°4(€€€€€€‰Á••É•Á•¹‘•¹¥•Í5•Ñ„ˆèì4(€€€€€€€€‰ÑåÁ•Ì½¹½‘”ˆèì4(€€€€€€€€€€‰½ÁÑ¥½¹…°ˆèÑÉÕ”4(€€€€€€€ô°4(€€€€€€€€‰Ù¥Ñ•©Ì½‘•ÙÑ½½±Ìˆèì4(€€€€€€€€€€‰½ÁÑ¥½¹…°ˆèÑÉÕ”4(€€€€€€€ô°4(€€€€€€€€‰•Í‰Õ¥±ˆèì4(€€€€€€€€€€‰½ÁÑ¥½¹…°ˆèÑÉÕ”4(€€€€€€€ô°4(€€€€€€€€‰©¥Ñ¤ˆèì4(€€€€€€€€€€‰½ÁÑ¥½¹…°ˆèÑÉÕ”4(€€€€€€€ô°4(€€€€€€€€‰±•ÍÌˆèì4(€€€€€€€€€€‰½ÁÑ¥½¹…°ˆèÑÉÕ”4(€€€€€€€ô°4(€€€€€€€€‰Í…ÍÌˆèì4(€€€€€€€€€€‰½ÁÑ¥½¹…°ˆèÑÉÕ”4(€€€€€€€ô°4(€€€€€€€€‰Í…ÍÌµ•µ‰•‘‘•ˆèì4(€€€€€€€€€€‰½ÁÑ¥½¹…°ˆèÑÉÕ”4(€€€€€€€ô°4(€€€€€€€€‰ÍÑå±ÕÌˆèì4(€€€€€€€€€€‰½ÁÑ¥½¹…°ˆèÑÉÕ”4(€€€€€€€ô°4(€€€€€€€€‰ÍÕ…ÉÍÌˆèì4(€€€€€€€€€€‰½ÁÑ¥½¹…°ˆèÑÉÕ”4(€€€€€€€ô°4(€€€€€€€€‰Ñ•ÉÍ•Èˆèì4(€€€€€€€€€€‰½ÁÑ¥½¹…°ˆèÑÉÕ”4(€€€€€€€ô°4(€€€€€€€€‰ÑÍàˆèì4(€€€€€€€€€€‰½ÁÑ¥½¹…°ˆèÑÉÕ”4(€€€€€€€ô°4(€€€€€€€€‰å…µ°ˆèì4(€€€€€€€€€€‰½ÁÑ¥½¹…°ˆèÑÉÕ”4(€€€€€€€ô4(€€€€€ô4(€€€ô°4(€€€€‰¹½‘•}µ½‘Õ±•Ì½Ù¥Ñ”½¹½‘•}µ½‘Õ±•Ì½Á¥½µ…Ñ ˆèì4(€€€€€€‰Ù•ÉÍ¥½¸ˆè€ˆÐ¸À¸Ôˆ°4(€€€€€€‰‘•ØˆèÑÉÕ”°4(€€€€€€‰±¥•¹Í”ˆè€‰5%Pˆ°4(€€€€€€‰•¹¥¹•Ìˆèì4(€€€€€€€€‰¹½‘”ˆè€ˆøôÄÈˆ4(€€€€€ô°4(€€€€€€‰™Õ¹‘¥¹œˆèì4(€€€€€€€€‰ÕÉ°ˆè€‰¡ÑÑÁÌè¼½¥Ñ¡Õˆ¹½´½ÍÁ½¹Í½ÉÌ½©½¹Í¡±¥¹­•ÉÐˆ4(€€€€€ô4(€€€ô°4(€€€€‰Á…­…•Ì½ÍÉ½±°µÍÉÕˆµÙ¥‘•¼ˆèì4(€€€€€€‰Ù•ÉÍ¥½¸ˆè€ˆÀ¸Ä¸Àˆ°4(€€€€€€‰±¥•¹Í”ˆè€‰5%Pˆ°4(€€€€€€‰‘•Ù•Á•¹‘•¹¥•Ìˆèì4(€€€€€€€€‰ÑåÁ•Ì½É•…Ðˆè€‰xÄä¸È¸Äàˆ°4(€€€€€€€€‰ÑÍÕÀˆè€‰xà¸Ô¸Äˆ°4(€€€€€€€€‰ÑåÁ•ÍÉ¥ÁÐˆè€‰xÔ¸Ü¸Ìˆ4(€€€€€ô°4(€€€€€€‰Á••É•Á•¹‘•¹¥•Ìˆèì4(€€€€€€€€‰É•…Ðˆè€ˆøôÄàˆ4(€€€€€ô4(€€€ô°4(€€€€‰Á…­…•Ì½ÍÉ½±°µÍÉÕˆµÙ¥‘•¼½¹½‘•}µ½‘Õ±•Ì½ÑåÁ•ÍÉ¥ÁÐˆèì4(€€€€€€‰Ù•ÉÍ¥½¸ˆè€ˆÔ¸ä¸Ìˆ°4(€€€€€€‰‘•ØˆèÑÉÕ”°4(€€€€€€‰±¥•¹Í”ˆè€‰Á…¡”´È¸Àˆ°4(€€€€€€‰‰¥¸ˆèì4(€€€€€€€€‰ÑÍŒˆè€‰‰¥¸½ÑÍŒˆ°4(€€€€€€€€‰ÑÍÍ•ÉÙ•Èˆè€‰‰¥¸½ÑÍÍ•ÉÙ•Èˆ4(€€€€€ô°4(€€€€€€‰•¹¥¹•Ìˆèì4(€€€€€€€€‰¹½‘”ˆè€ˆøôÄÐ¸ÄÜˆ4(€€€€€ô4(€€€ô4(€ô4)ô4