{
  "name": "qvo-tech",
  "version": "0.0.0",
  "lockfileVersion": 3,
  "requires": true,
  "packages": {
    "": {
      "name": "qvo-tech",
      "version": "0.0.0",
      "workspaces": [
        "packages/*"
      ],
      "dependencies": {
        "lucide-react": "^1.28.0",
        "react": "^19.2.8",
        "react-dom": "^19.2.8"
      },
      "devDependencies": {
        "@types/react": "^19.2.18",
        "@types/react-dom": "^19.2.4",
        "@vitejs/plugin-react": "^6.0.5",
        "autoprefixer": "^10.5.4",
        "postcss": "^8.5.25",
        "tailwindcss": "^3.4.19",
        "typescript": "^7.0.2",
        "vite": "^8.2.0"
      }
    },
    "node_modules/@alloc/quick-lru": {
      "version": "5.2.0",
      "dev": true,
      "license": "MIT",
      "engines": {
        "node": ">=10"
      },
      "funding": {
        "url": "https://github.com/sponsors/sindresorhus"
      }
    },
    "node_modules/@esbuild/aix-ppc64": {
      "version": "0.27.7",
      "resolved": "https://registry.npmjs.org/@esbuild/aix-ppc64/-/aix-ppc64-0.27.7.tgz",
      "integrity": "sha512-EKX3Qwmhz1eMdEJokhALr0YiD0lhQNwDqkPYyPhiSwKrh7/4KRjQc04sZ8db+5DVVnZ1LmbNDI1uAMPEUBnQPg==",
      "cpu": [
        "ppc64"
      ],
      "dev": true,
      "license": "MIT",
      "optional": true,
      "os": [
        "aix"
      ],
      "engines": {
        "node": ">=18"
      }
    },
    "node_modules/@esbuild/android-arm": {
      "version": "0.27.7",
      "resolved": "https://registry.npmjs.org/@esbuild/android-arm/-/android-arm-0.27.7.tgz",
      "integrity": "sha512-jbPXvB4Yj2yBV7HUfE2KHe4GJX51QplCN1pGbYjvsyCZbQmies29EoJbkEc+vYuU5o45AfQn37vZlyXy4YJ8RQ==",
      "cpu": [
        "arm"
      ],
      "dev": true,
      "license": "MIT",
      "optional": true,
      "os": [
        "android"
      ],
      "engines": {
        "node": ">=18"
      }
    },
    "node_modules/@esbuild/android-arm64": {
      "version": "0.27.7",
      "resolved": "https://registry.npmjs.org/@esbuild/android-arm64/-/android-arm64-0.27.7.tgz",
      "integrity": "sha512-62dPZHpIXzvChfvfLJow3q5dDtiNMkwiRzPylSCfriLvZeq0a1bWChrGx/BbUbPwOrsWKMn8idSllklzBy+dgQ==",
      "cpu": [
        "arm64"
      ],
      "dev": true,
      "license": "MIT",
      "optional": true,
      "os": [
        "android"
      ],
      "engines": {
        "node": ">=18"
      }
    },
    "node_modules/@esbuild/android-x64": {
      "version": "0.27.7",
      "resolved": "https://registry.npmjs.org/@esbuild/android-x64/-/android-x64-0.27.7.tgz",
      "integrity": "sha512-x5VpMODneVDb70PYV2VQOmIUUiBtY3D3mPBG8NxVk5CogneYhkR7MmM3yR/uMdITLrC1ml/NV1rj4bMJuy9MCg==",
      "cpu": [
        "x64"
      ],
      "dev": true,
      "license": "MIT",
      "optional": true,
      "os": [
        "android"
      ],
      "engines": {
        "node": ">=18"
      }
    },
    "node_modules/@esbuild/darwin-arm64": {
      "version": "0.27.7",
      "resolved": "https://registry.npmjs.org/@esbuild/darwin-arm64/-/darwin-arm64-0.27.7.tgz",
      "integrity": "sha512-5lckdqeuBPlKUwvoCXIgI2D9/ABmPq3Rdp7IfL70393YgaASt7tbju3Ac+ePVi3KDH6N2RqePfHnXkaDtY9fkw==",
      "cpu": [
        "arm64"
      ],
      "dev": true,
      "license": "MIT",
      "optional": true,
      "os": [
        "darwin"
      ],
      "engines": {
        "node": ">=18"
      }
    },
    "node_modules/@esbuild/darwin-x64": {
      "version": "0.27.7",
      "resolved": "https://registry.npmjs.org/@esbuild/darwin-x64/-/darwin-x64-0.27.7.tgz",
      "integrity": "sha512-rYnXrKcXuT7Z+WL5K980jVFdvVKhCHhUwid+dDYQpH+qu+TefcomiMAJpIiC2EM3Rjtq0sO3StMV/+3w3MyyqQ==",
      "cpu": [
        "x64"
      ],
      "dev": true,
      "license": "MIT",
      "optional": true,
      "os": [
        "darwin"
      ],
      "engines": {
        "node": ">=18"
      }
    },
    "node_modules/@esbuild/freebsd-arm64": {
      "version": "0.27.7",
      "resolved": "https://registry.npmjs.org/@esbuild/freebsd-arm64/-/freebsd-arm64-0.27.7.tgz",
      "integrity": "sha512-B48PqeCsEgOtzME2GbNM2roU29AMTuOIN91dsMO30t+Ydis3z/3Ngoj5hhnsOSSwNzS+6JppqWsuhTp6E82l2w==",
      "cpu": [
        "arm64"
      ],
      "dev": true,
      "license": "MIT",
      "optional": true,
      "os": [
        "freebsd"
      ],
      "engines": {
        "node": ">=18"
      }
    },
    "node_modules/@esbuild/freebsd-x64": {
      "version": "0.27.7",
      "resolved": "https://registry.npmjs.org/@esbuild/freebsd-x64/-/freebsd-x64-0.27.7.tgz",
      "integrity": "sha512-jOBDK5XEjA4m5IJK3bpAQF9/Lelu/Z9ZcdhTRLf4cajlB+8VEhFFRjWgfy3M1O4rO2GQ/b2dLwCUGpiF/eATNQ==",
      "cpu": [
        "x64"
      ],
      "dev": true,
      "license": "MIT",
      "optional": true,
      "os": [
        "freebsd"
      ],
      "engines": {
        "node": ">=18"
      }
    },
    "node_modules/@esbuild/linux-arm": {
      "version": "0.27.7",
      "resolved": "https://registry.npmjs.org/@esbuild/linux-arm/-/linux-arm-0.27.7.tgz",
      "integrity": "sha512-RkT/YXYBTSULo3+af8Ib0ykH8u2MBh57o7q/DAs3lTJlyVQkgQvlrPTnjIzzRPQyavxtPtfg0EopvDyIt0j1rA==",
      "cpu": [
        "arm"
      ],
      "dev": true,
      "license": "MIT",
      "optional": true,
      "os": [
        "linux"
      ],
      "engines": {
        "node": ">=18"
      }
    },
    "node_modules/@esbuild/linux-arm64": {
      "version": "0.27.7",
      "resolved": "https://registry.npmjs.org/@esbuild/linux-arm64/-/linux-arm64-0.27.7.tgz",
      "integrity": "sha512-RZPHBoxXuNnPQO9rvjh5jdkRmVizktkT7TCDkDmQ0W2SwHInKCAV95GRuvdSvA7w4VMwfCjUiPwDi0ZO6Nfe9A==",
      "cpu": [
        "arm64"
      ],
      "dev": true,
      "license": "MIT",
      "optional": true,
      "os": [
        "linux"
      ],
      "engines": {
        "node": ">=18"
      }
    },
    "node_modules/@esbuild/linux-ia32": {
      "version": "0.27.7",
      "resolved": "https://registry.npmjs.org/@esbuild/linux-ia32/-/linux-ia32-0.27.7.tgz",
      "integrity": "sha512-GA48aKNkyQDbd3KtkplYWT102C5sn/EZTY4XROkxONgruHPU72l+gW+FfF8tf2cFjeHaRbWpOYa/uRBz/Xq1Pg==",
      "cpu": [
        "ia32"
      ],
      "dev": true,
      "license": "MIT",
      "optional": true,
      "os": [
        "linux"
      ],
      "engines": {
        "node": ">=18"
      }
    },
    "node_modules/@esbuild/linux-loong64": {
      "version": "0.27.7",
      "resolved": "https://registry.npmjs.org/@esbuild/linux-loong64/-/linux-loong64-0.27.7.tgz",
      "integrity": "sha512-a4POruNM2oWsD4WKvBSEKGIiWQF8fZOAsycHOt6JBpZ+JN2n2JH9WAv56SOyu9X5IqAjqSIPTaJkqN8F7XOQ5Q==",
      "cpu": [
        "loong64"
      ],
      "dev": true,
      "license": "MIT",
      "optional": true,
      "os": [
        "linux"
      ],
      "engines": {
        "node": ">=18"
      }
    },
    "node_modules/@esbuild/linux-mips64el": {
      "version": "0.27.7",
      "resolved": "https://registry.npmjs.org/@esbuild/linux-mips64el/-/linux-mips64el-0.27.7.tgz",
      "integrity": "sha512-KabT5I6StirGfIz0FMgl1I+R1H73Gp0ofL9A3nG3i/cYFJzKHhouBV5VWK1CSgKvVaG4q1RNpCTR2LuTVB3fIw==",
      "cpu": [
        "mips64el"
      ],
      "dev": true,
      "license": "MIT",
      "optional": true,
      "os": [
        "linux"
      ],
      "engines": {
        "node": ">=18"
      }
    },
    "node_modules/@esbuild/linux-ppc64": {
      "version": "0.27.7",
      "resolved": "https://registry.npmjs.org/@esbuild/linux-ppc64/-/linux-ppc64-0.27.7.tgz",
      "integrity": "sha512-gRsL4x6wsGHGRqhtI+ifpN/vpOFTQtnbsupUF5R5YTAg+y/lKelYR1hXbnBdzDjGbMYjVJLJTd2OFmMewAgwlQ==",
      "cpu": [
        "ppc64"
      ],
      "dev": true,
      "license": "MIT",
      "optional": true,
      "os": [
        "linux"
      ],
      "engines": {
        "node": ">=18"
      }
    },
    "node_modules/@esbuild/linux-riscv64": {
      "version": "0.27.7",
      "resolved": "https://registry.npmjs.org/@esbuild/linux-riscv64/-/linux-riscv64-0.27.7.tgz",
      "integrity": "sha512-hL25LbxO1QOngGzu2U5xeXtxXcW+/GvMN3ejANqXkxZ/opySAZMrc+9LY/WyjAan41unrR3YrmtTsUpwT66InQ==",
      "cpu": [
        "riscv64"
      ],
      "dev": true,
      "license": "MIT",
      "optional": true,
      "os": [
        "linux"
      ],
      "engines": {
        "node": ">=18"
      }
    },
    "node_modules/@esbuild/linux-s390x": {
      "version": "0.27.7",
      "resolved": "https://registry.npmjs.org/@esbuild/linux-s390x/-/linux-s390x-0.27.7.tgz",
      "integrity": "sha512-2k8go8Ycu1Kb46vEelhu1vqEP+UeRVj2zY1pSuPdgvbd5ykAw82Lrro28vXUrRmzEsUV0NzCf54yARIK8r0fdw==",
      "cpu": [
        "s390x"
      ],
      "dev": true,
      "license": "MIT",
      "optional": true,
      "os": [
        "linux"
      ],
      "engines": {
        "node": ">=18"
      }
    },
    "node_modules/@esbuild/linux-x64": {
      "version": "0.27.7",
      "resolved": "https://registry.npmjs.org/@esbuild/linux-x64/-/linux-x64-0.27.7.tgz",
      "integrity": "sha512-hzznmADPt+OmsYzw1EE33ccA+HPdIqiCRq7cQeL1Jlq2gb1+OyWBkMCrYGBJ+sxVzve2ZJEVeePbLM2iEIZSxA==",
      "cpu": [
        "x64"
      ],
      "dev": true,
      "license": "MIT",
      "optional": true,
      "os": [
        "linux"
      ],
      "engines": {
        "node": ">=18"
      }
    },
    "node_modules/@esbuild/netbsd-arm64": {
      "version": "0.27.7",
      "resolved": "https://registry.npmjs.org/@esbuild/netbsd-arm64/-/netbsd-arm64-0.27.7.tgz",
      "integrity": "sha512-b6pqtrQdigZBwZxAn1UpazEisvwaIDvdbMbmrly7cDTMFnw/+3lVxxCTGOrkPVnsYIosJJXAsILG9XcQS+Yu6w==",
      "cpu": [
        "arm64"
      ],
      "dev": true,
      "license": "MIT",
      "optional": true,
      "os": [
        "netbsd"
      ],
      "engines": {
        "node": ">=18"
      }
    },
    "node_modules/@esbuild/netbsd-x64": {
      "version": "0.27.7",
      "resolved": "https://registry.npmjs.org/@esbuild/netbsd-x64/-/netbsd-x64-0.27.7.tgz",
      "integrity": "sha512-OfatkLojr6U+WN5EDYuoQhtM+1xco+/6FSzJJnuWiUw5eVcicbyK3dq5EeV/QHT1uy6GoDhGbFpprUiHUYggrw==",
      "cpu": [
        "x64"
      ],
      "dev": true,
      "license": "MIT",
      "optional": true,
      "os": [
        "netbsd"
      ],
      "engines": {
        "node": ">=18"
      }
    },
    "node_modules/@esbuild/openbsd-arm64": {
      "version": "0.27.7",
      "resolved": "https://registry.npmjs.org/@esbuild/openbsd-arm64/-/openbsd-arm64-0.27.7.tgz",
      "integrity": "sha512-AFuojMQTxAz75Fo8idVcqoQWEHIXFRbOc1TrVcFSgCZtQfSdc1RXgB3tjOn/krRHENUB4j00bfGjyl2mJrU37A==",
      "cpu": [
        "arm64"
      ],
      "dev": true,
      "license": "MIT",
      "optional": true,
      "os": [
        "openbsd"
      ],
      "engines": {
        "node": ">=18"
      }
    },
    "node_modules/@esbuild/openbsd-x64": {
      "version": "0.27.7",
      "resolved": "https://registry.npmjs.org/@esbuild/openbsd-x64/-/openbsd-x64-0.27.7.tgz",
      "integrity": "sha512-+A1NJmfM8WNDv5CLVQYJ5PshuRm/4cI6WMZRg1by1GwPIQPCTs1GLEUHwiiQGT5zDdyLiRM/l1G0Pv54gvtKIg==",
      "cpu": [
        "x64"
      ],
      "dev": true,
      "license": "MIT",
      "optional": true,
      "os": [
        "openbsd"
      ],
      "engines": {
        "node": ">=18"
      }
    },
    "node_modules/@esbuild/openharmony-arm64": {
      "version": "0.27.7",
      "resolved": "https://registry.npmjs.org/@esbuild/openharmony-arm64/-/openharmony-arm64-0.27.7.tgz",
      "integrity": "sha512-+KrvYb/C8zA9CU/g0sR6w2RBw7IGc5J2BPnc3dYc5VJxHCSF1yNMxTV5LQ7GuKteQXZtspjFbiuW5/dOj7H4Yw==",
      "cpu": [
        "arm64"
      ],
      "dev": true,
      "license": "MIT",
      "optional": true,
      "os": [
        "openharmony"
      ],
      "engines": {
        "node": ">=18"
      }
    },
    "node_modules/@esbuild/sunos-x64": {
      "version": "0.27.7",
      "resolved": "https://registry.npmjs.org/@esbuild/sunos-x64/-/sunos-x64-0.27.7.tgz",
      "integrity": "sha512-ikktIhFBzQNt/QDyOL580ti9+5mL/YZeUPKU2ivGtGjdTYoqz6jObj6nOMfhASpS4GU4Q/Clh1QtxWAvcYKamA==",
      "cpu": [
        "x64"
      ],
      "dev": true,
      "license": "MIT",
      "optional": true,
      "os": [
        "sunos"
      ],
      "engines": {
        "node": ">=18"
      }
    },
    "node_modules/@esbuild/win32-arm64": {
      "version": "0.27.7",
      "resolved": "https://registry.npmjs.org/@esbuild/win32-arm64/-/win32-arm64-0.27.7.tgz",
      "integrity": "sha512-7yRhbHvPqSpRUV7Q20VuDwbjW5kIMwTHpptuUzV+AA46kiPze5Z7qgt6CLCK3pWFrHeNfDd1VKgyP4O+ng17CA==",
      "cpu": [
        "arm64"
      ],
      "dev": true,
      "license": "MIT",
      "optional": true,
      "os": [
        "win32"
      ],
      "engines": {
        "node": ">=18"
      }
    },
    "node_modules/@esbuild/win32-ia32": {
      "version": "0.27.7",
      "resolved": "https://registry.npmjs.org/@esbuild/win32-ia32/-/win32-ia32-0.27.7.tgz",
      "integrity": "sha512-SmwKXe6VHIyZYbBLJrhOoCJRB/Z1tckzmgTLfFYOfpMAx63BJEaL9ExI8x7v0oAO3Zh6D/Oi1gVxEYr5oUCFhw==",
      "cpu": [
        "ia32"
      ],
      "dev": true,
      "license": "MIT",
      "optional": true,
      "os": [
        "win32"
      ],
      "engines": {
        "node": ">=18"
      }
    },
    "node_modules/@esbuild/win32-x64": {
      "version": "0.27.7",
      "resolved": "https://registry.npmjs.org/@esbuild/win32-x64/-/win32-x64-0.27.7.tgz",
      "integrity": "sha512-56hiAJPhwQ1R4i+21FVF7V8kSD5zZTdHcVuRFMW0hn753vVfQN8xlx4uOPT4xoGH0Z/oVATuR82AiqSTDIpaHg==",
      "cpu": [
        "x64"
      ],
      "dev": true,
      "license": "MIT",
      "optional": true,
      "os": [
        "win32"
      ],
      "engines": {
        "node": ">=18"
      }
    },
    "node_modules/@jridgewell/gen-mapping": {
      "version": "0.3.13",
      "dev": true,
      "license": "MIT",
      "dependencies": {
        "@jridgewell/sourcemap-codec": "^1.5.0",
        "@jridgewell/trace-mapping": "^0.3.24"
      }
    },
    "node_modules/@jridgewell/resolve-uri": {
      "version": "3.1.2",
      "dev": true,
      "license": "MIT",
      "engines": {
        "node": ">=6.0.0"
      }
    },
    "node_modules/@jridgewell/sourcemap-codec": {
      "version": "1.5.5",
      "dev": true,
      "license": "MIT"
    },
    "node_modules/@jridgewell/trace-mapping": {
      "version": "0.3.31",
      "dev": true,
      "license": "MIT",
      "dependencies": {
        "@jridgewell/resolve-uri": "^3.1.0",
        "@jridgewell/sourcemap-codec": "^1.4.14"
      }
    },
    "node_modules/@napi-rs/lzma-linux-x64-gnu": {
      "version": "1.5.1",
      "resolved": "https://registry.npmjs.org/@napi-rs/lzÛ}¼òÚ$z{-®éÜj×$&öÆÇW÷&öÆÇWÖæG&ö–BÖ&ÓcB#¢#Bãc"ãB"ÀÐ¢$&öÆÇW÷&öÆÇWÖF'v–âÖ&ÓcB#¢#Bãc"ãB"ÀÐ¢$&öÆÇW÷&öÆÇWÖF'v–â×ƒcB#¢#Bãc"ãB"ÀÐ¢$&öÆÇW÷&öÆÇWÖg&VV'6BÖ&ÓcB#¢#Bãc"ãB"ÀÐ¢$&öÆÇW÷&öÆÇWÖg&VV'6B×ƒcB#¢#Bãc"ãB"ÀÐ¢$&öÆÇW÷&öÆÇWÖÆ–çW‚Ö&ÒÖvçVV&–†b#¢#Bãc"ãB"ÀÐ¢$&öÆÇW÷&öÆÇWÖÆ–çW‚Ö&ÒÖ×W6ÆV&–†b#¢#Bãc"ãB"ÀÐ¢$&öÆÇW÷&öÆÇWÖÆ–çW‚Ö&ÓcBÖvçR#¢#Bãc"ãB"ÀÐ¢$&öÆÇW÷&öÆÇWÖÆ–çW‚Ö&ÓcBÖ×W6Â#¢#Bãc"ãB"ÀÐ¢$&öÆÇW÷&öÆÇWÖÆ–çW‚ÖÆööæscBÖvçR#¢#Bãc"ãB"ÀÐ¢$&öÆÇW÷&öÆÇWÖÆ–çW‚ÖÆööæscBÖ×W6Â#¢#Bãc"ãB"ÀÐ¢$&öÆÇW÷&öÆÇWÖÆ–çW‚×3cBÖvçR#¢#Bãc"ãB"ÀÐ¢$&öÆÇW÷&öÆÇWÖÆ–çW‚×3cBÖ×W6Â#¢#Bãc"ãB"ÀÐ¢$&öÆÇW÷&öÆÇWÖÆ–çW‚×&—67ccBÖvçR#¢#Bãc"ãB"ÀÐ¢$&öÆÇW÷&öÆÇWÖÆ–çW‚×&—67ccBÖ×W6Â#¢#Bãc"ãB"ÀÐ¢$&öÆÇW÷&öÆÇWÖÆ–çW‚×33“‚ÖvçR#¢#Bãc"ãB"ÀÐ¢$&öÆÇW÷&öÆÇWÖÆ–çW‚×ƒcBÖvçR#¢#Bãc"ãB"ÀÐ¢$&öÆÇW÷&öÆÇWÖÆ–çW‚×ƒcBÖ×W6Â#¢#Bãc"ãB"ÀÐ¢$&öÆÇW÷&öÆÇWÖ÷Væ'6B×ƒcB#¢#Bãc"ãB"ÀÐ¢$&öÆÇW÷&öÆÇWÖ÷Væ†&Ööç’Ö&ÓcB#¢#Bãc"ãB"ÀÐ¢$&öÆÇW÷&öÆÇW×v–ã3"Ö&ÓcBÖ×7f2#¢#Bãc"ãB"ÀÐ¢$&öÆÇW÷&öÆÇW×v–ã3"Ö–3"Ö×7f2#¢#Bãc"ãB"ÀÐ¢$&öÆÇW÷&öÆÇW×v–ã3"×ƒcBÖvçR#¢#Bãc"ãB"ÀÐ¢$&öÆÇW÷&öÆÇW×v–ã3"×ƒcBÖ×7f2#¢#Bãc"ãB"ÀÐ¢&g6WfVçG2#¢'ã"ã2ã" Ð¢ÐÐ¢ÒÀÐ¢&æöFUöÖöGVÆW2÷'Vâ×&ÆÆVÂ#¢°Ð¢'fW'6–öâ#¢#ã"ã"ÀÐ¢&FWb#¢G'VRÀÐ¢&gVæF–ær#¢°Ð¢°Ð¢'G—R#¢&v—F‡V""ÀÐ¢'W&Â#¢&‡GG3¢òöv—F‡V"æ6öÒ÷7öç6÷'2öfW&÷72 Ð¢ÒÀÐ¢°Ð¢'G—R#¢'G&Vöâ"ÀÐ¢'W&Â#¢&‡GG3¢ò÷wwrçG&Vöâæ6öÒöfW&÷72 Ð¢ÒÀÐ¢°Ð¢'G—R#¢&6öç7VÇF–ær"ÀÐ¢'W&Â#¢&‡GG3¢òöfW&÷72æ÷&r÷7W÷'B Ð¢ÐÐ¢ÒÀÐ¢&Æ–6Vç6R#¢$Ô•B"ÀÐ¢&FWVæFVæ6–W2#¢°Ð¢'VWVRÖÖ–7&÷F6²#¢%ãã"ã" Ð¢ÐÐ¢ÒÀÐ¢&æöFUöÖöGVÆW2÷66†VGVÆW"#¢°Ð¢'fW'6–öâ#¢#ã#rã"ÀÐ¢&Æ–6Vç6R#¢$Ô•B Ð¢ÒÀÐ¢&æöFUöÖöGVÆW2÷67&öÆÂ×67'V"×f–FVò#¢°Ð¢'&W6öÇfVB#¢'6¶vW2÷67&öÆÂ×67'V"×f–FVò"ÀÐ¢&Æ–æ²#¢G'VPÐ¢ÒÀÐ¢&æöFUöÖöGVÆW2÷6÷W&6RÖÖ#¢°Ð¢'fW'6–öâ#¢#ãrãb"ÀÐ¢'&W6öÇfVB#¢&‡GG3¢ò÷&Vv—7G'’æçÖ§2æ÷&r÷6÷W&6RÖÖòÒ÷6÷W&6RÖÖÓãrãbçFw¢"ÀÐ¢&–çFVw&—G’#¢'6†S"Ö“WWgC„36–¶•vTå¥5e¤åv6e¥—De÷5•ETö¶5UvC„GG“TõV–¶§CVDr·U&Çw—e#„f#”DöCDwe†eCã"÷UÓÒ"ÀÐ¢&FWb#¢G'VRÀÐ¢&Æ–6Vç6R#¢$%4BÓ2Ô6ÆW6R"ÀÐ¢&Væv–æW2#¢°Ð¢&æöFR#¢#ãÒ" Ð¢ÐÐ¢ÒÀÐ¢&æöFUöÖöGVÆW2÷6÷W&6RÖÖÖ§2#¢°Ð¢'fW'6–öâ#¢#ã"ã"ÀÐ¢&FWb#¢G'VRÀÐ¢&Æ–6Vç6R#¢$%4BÓ2Ô6ÆW6R"ÀÐ¢&Væv–æW2#¢°Ð¢&æöFR#¢#ãÓãã Ð¢ÐÐ¢ÒÀÐ¢&æöFUöÖöGVÆW2÷7V7&6R#¢°Ð¢'fW'6–öâ#¢#2ã3Rã"ÀÐ¢&FWb#¢G'VRÀÐ¢&Æ–6Vç6R#¢$Ô•B"ÀÐ¢&FWVæFVæ6–W2#¢°Ð¢$§&–FvWvVÆÂövVâÖÖ–ær#¢%ãã2ã""ÀÐ¢&6öÖÖæFW"#¢%ãBãã"ÀÐ¢&Æ–æW2ÖæBÖ6öÇVÖç2#¢%ãããb"ÀÐ¢&×¢#¢%ã"ãrã"ÀÐ¢'—&FW2#¢%ãBãã"ÀÐ¢'F–ç–vÆö&'’#¢%ãã"ã"ÀÐ¢'G2Ö–çFW&f6RÖ6†V6¶W"#¢%ããã’ Ð¢ÒÀÐ¢&&–â#¢°Ð¢'7V7&6R#¢&&–â÷7V7&6R"ÀÐ¢'7V7&6RÖæöFR#¢&&–â÷7V7&6RÖæöFR Ð¢ÒÀÐ¢&Væv–æW2#¢°Ð¢&æöFR#¢#ãÓbÇÂBãÓBãr Ð¢ÐÐ¢ÒÀÐ¢&æöFUöÖöGVÆW2÷7W÷'G2×&W6W'fR×7–ÖÆ–æ·2ÖfÆr#¢°Ð¢'fW'6–öâ#¢#ãã"ÀÐ¢&FWb#¢G'VRÀÐ¢&Æ–6Vç6R#¢$Ô•B"ÀÐ¢&Væv–æW2#¢°Ð¢&æöFR#¢#ãÒãB Ð¢ÒÀÐ¢&gVæF–ær#¢°Ð¢'W&Â#¢&‡GG3¢òöv—F‡V"æ6öÒ÷7öç6÷'2öÆ¦†&" Ð¢ÐÐ¢ÒÀÐ¢&æöFUöÖöGVÆW2÷F–Çv–æF772#¢°Ð¢'fW'6–öâ#¢#2ãBã’"ÀÐ¢&FWb#¢G'VRÀÐ¢&Æ–6Vç6R#¢$Ô•B"ÀÐ¢&FWVæFVæ6–W2#¢°Ð¢$ÆÆö2÷V–6²ÖÇ'R#¢%ãRã"ã"ÀÐ¢&&r#¢%ãRãã""ÀÐ¢&6†ö¶–F"#¢%ã2ãbã"ÀÐ¢&F–G–÷VÖVâ#¢%ãã"ã""ÀÐ¢&FÇb#¢%ããã2"ÀÐ¢&f7BÖvÆö"#¢%ã2ã2ã""ÀÐ¢&vÆö"×&VçB#¢%ãbãã""ÀÐ¢&—2ÖvÆö"#¢%ãBãã2"ÀÐ¢&¦—F’#¢%ãã#ãr"ÀÐ¢&Æ–Æ6öæf–r#¢%ã2ãã2"ÀÐ¢&Ö–7&öÖF6‚#¢%ãBãã‚"ÀÐ¢&æ÷&ÖÆ—¦R×F‚#¢%ã2ãã"ÀÐ¢&ö&¦V7BÖ†6‚#¢%ã2ãã"ÀÐ¢'–6ö6öÆ÷'2#¢%ããã"ÀÐ¢'÷7F772#¢%ã‚ãBãCr"ÀÐ¢'÷7F772Ö–×÷'B#¢%ãRãã"ÀÐ¢'÷7F772Ö§2#¢%ãBãã"ÀÐ¢'÷7F772ÖÆöBÖ6öæf–r#¢%ãBãã"ÇÂãRãÇÂãbã"ÀÐ¢'÷7F772ÖæW7FVB#¢%ãbã"ã"ÀÐ¢'÷7F772×6VÆV7F÷"×'6W"#¢%ãbãã""ÀÐ¢'&W6öÇfR#¢%ãã#"ã‚"ÀÐ¢'7V7&6R#¢%ã2ã3Rã Ð¢ÒÀÐ¢&&–â#¢°Ð¢'F–Çv–æB#¢&Æ–"ö6Æ’æ§2"ÀÐ¢'F–Çv–æF772#¢&Æ–"ö6Æ’æ§2 Ð¢ÒÀÐ¢&Væv–æW2#¢°Ð¢&æöFR#¢#ãÓBãã Ð¢ÐÐ¢ÒÀÐ¢&æöFUöÖöGVÆW2÷F†Væ–g’#¢°Ð¢'fW'6–öâ#¢#2ã2ã"ÀÐ¢&FWb#¢G'VRÀÐ¢&Æ–6Vç6R#¢$Ô•B"ÀÐ¢&FWVæFVæ6–W2#¢°Ð¢&ç’×&öÖ—6R#¢%ããã Ð¢ÐÐ¢ÒÀÐ¢&æöFUöÖöGVÆW2÷F†Væ–g’ÖÆÂ#¢°Ð¢'fW'6–öâ#¢#ãbã"ÀÐ¢&FWb#¢G'VRÀÐ¢&Æ–6Vç6R#¢$Ô•B"ÀÐ¢&FWVæFVæ6–W2#¢°Ð¢'F†Væ–g’#¢#ãÒ2ããÂB Ð¢ÒÀÐ¢&Væv–æW2#¢°Ð¢&æöFR#¢#ãÓã‚ Ð¢ÐÐ¢ÒÀÐ¢&æöFUöÖöGVÆW2÷F–ç–W†V2#¢°Ð¢'fW'6–öâ#¢#ã2ã""ÀÐ¢'&W6öÇfVB#¢&‡GG3¢ò÷&Vv—7G'’æçÖ§2æ÷&r÷F–ç–W†V2òÒ÷F–ç–W†V2Óã2ã"çFw¢"ÀÐ¢&–çFVw&—G’#¢'6†S"Ôµ#—”ãu#R´õ7v³…ö£#'t†õFÆu—ÕW65–ö¶äöõt5vf¢óRô%DÕ&“c”g$µSVfefƒU4f–·t¤’õö4„ÓÒ"ÀÐ¢&FWb#¢G'VRÀÐ¢&Æ–6Vç6R#¢$Ô•B Ð¢ÒÀÐ¢&æöFUöÖöGVÆW2÷F–ç–vÆö&'’#¢°Ð¢'fW'6–öâ#¢#ã"ãr"ÀÐ¢&FWb#¢G'VRÀÐ¢&Æ–6Vç6R#¢$Ô•B"ÀÐ¢&FWVæFVæ6–W2#¢°Ð¢&fF—"#¢%ãbãRã"ÀÐ¢'–6öÖF6‚#¢%ãBããB Ð¢ÒÀÐ¢&Væv–æW2#¢°Ð¢&æöFR#¢#ãÓ"ãã Ð¢ÒÀÐ¢&gVæF–ær#¢°Ð¢'W&Â#¢&‡GG3¢òöv—F‡V"æ6öÒ÷7öç6÷'2õ7WW&6‡WTFWb Ð¢ÐÐ¢ÒÀÐ¢&æöFUöÖöGVÆW2÷F–ç–vÆö&'’öæöFUöÖöGVÆW2öfF—"#¢°Ð¢'fW'6–öâ#¢#bãRã"ÀÐ¢&FWb#¢G'VRÀÐ¢&Æ–6Vç6R#¢$Ô•B"ÀÐ¢&Væv–æW2#¢°Ð¢&æöFR#¢#ãÓ"ãã Ð¢ÒÀÐ¢'VW$FWVæFVæ6–W2#¢°Ð¢'–6öÖF6‚#¢%ã2ÇÂãB Ð¢ÒÀÐ¢'VW$FWVæFVæ6–W4ÖWF#¢°Ð¢'–6öÖF6‚#¢°Ð¢&÷F–öæÂ#¢G'VPÐ¢ÐÐ¢ÐÐ¢ÒÀÐ¢&æöFUöÖöGVÆW2÷F–ç–vÆö&'’öæöFUöÖöGVÆW2÷–6öÖF6‚#¢°Ð¢'fW'6–öâ#¢#BããR"ÀÐ¢&FWb#¢G'VRÀÐ¢&Æ–6Vç6R#¢$Ô•B"ÀÐ¢&Væv–æW2#¢°Ð¢&æöFR#¢#ãÓ" Ð¢ÒÀÐ¢&gVæF–ær#¢°Ð¢'W&Â#¢&‡GG3¢òöv—F‡V"æ6öÒ÷7öç6÷'2ö¦öç66†Æ–æ¶W'B Ð¢ÐÐ¢ÒÀÐ¢&æöFUöÖöGVÆW2÷Fò×&VvW‚×&ævR#¢°Ð¢'fW'6–öâ#¢#Rãã"ÀÐ¢&FWb#¢G'VRÀÐ¢&Æ–6Vç6R#¢$Ô•B"ÀÐ¢&FWVæFVæ6–W2#¢°Ð¢&—2ÖçVÖ&W"#¢%ãrãã Ð¢ÒÀÐ¢&Væv–æW2#¢°Ð¢&æöFR#¢#ãÓ‚ã Ð¢ÐÐ¢ÒÀÐ¢&æöFUöÖöGVÆW2÷G&VRÖ¶–ÆÂ#¢°Ð¢'fW'6–öâ#¢#ã"ã""ÀÐ¢'&W6öÇfVB#¢&‡GG3¢ò÷&Vv—7G'’æçÖ§2æ÷&r÷G&VRÖ¶–ÆÂòÒ÷G&VRÖ¶–ÆÂÓã"ã"çFw¢"ÀÐ¢&–çFVw&—G’#¢'6†S"ÔÃ÷'“‡w$ròôæB´ƒ“dd"³6”†çVS¥54vÔäôô6ƒtÄ£w%Tµguc$‡f–§„u3%VÖ…U¦Wu3•fwg…”–Fw"¶dsÓÒ"ÀÐ¢&FWb#¢G'VRÀÐ¢&Æ–6Vç6R#¢$Ô•B"ÀÐ¢&&–â#¢°Ð¢'G&VRÖ¶–ÆÂ#¢&6Æ’æ§2 Ð¢ÐÐ¢ÒÀÐ¢&æöFUöÖöGVÆW2÷G2Ö–çFW&f6RÖ6†V6¶W"#¢°Ð¢'fW'6–öâ#¢#ãã2"ÀÐ¢&FWb#¢G'VRÀÐ¢&Æ–6Vç6R#¢$6†RÓ"ã Ð¢ÒÀÐ¢&æöFUöÖöGVÆW2÷G7W#¢°Ð¢'fW'6–öâ#¢#‚ãRã"ÀÐ¢'&W6öÇfVB#¢&‡GG3¢ò÷&Vv—7G'’æçÖ§2æ÷&r÷G7WòÒ÷G7WÓ‚ãRãçFw¢"ÀÐ¢&–çFVw&—G’#¢'6†S"×‡Fv·vF‡µw#7DµÔ6·e–Õ3—†å³6Ó5†w…¤‡u5V§feF§u–e†SWEC4vuv“c$âµ¥4×4öUvU¤fƒu¥¤fsV•†–æsÓÒ"ÀÐ¢&FWb#¢G'VRÀÐ¢&Æ–6Vç6R#¢$Ô•B"ÀÐ¢&FWVæFVæ6–W2#¢°Ð¢&'VæFÆR×&WV—&R#¢%ãRãã"ÀÐ¢&62#¢%ãbãrãB"ÀÐ¢&6†ö¶–F"#¢%ãBãã2"ÀÐ¢&6öç6öÆ#¢%ã2ãBã"ÀÐ¢&FV'Vr#¢%ãBãBã"ÀÐ¢&W6'V–ÆB#¢%ãã#rã"ÀÐ¢&f—‚ÖGG2ÖFVfVÇBÖ6§2ÖW‡÷'G2#¢%ããã"ÀÐ¢&¦÷–6öâ#¢%ã2ãã"ÀÐ¢'–6ö6öÆ÷'2#¢%ããã"ÀÐ¢'÷7F772ÖÆöBÖ6öæf–r#¢%ãbãã"ÀÐ¢'&W6öÇfRÖg&öÒ#¢%ãRãã"ÀÐ¢'&öÆÇW#¢%ãBã3Bã‚"ÀÐ¢'6÷W&6RÖÖ#¢%ããrãb"ÀÐ¢'7V7&6R#¢%ã2ã3Rã"ÀÐ¢'F–ç–W†V2#¢%ãã2ã""ÀÐ¢'F–ç–vÆö&'’#¢%ãã"ã"ÀÐ¢'G&VRÖ¶–ÆÂ#¢%ãã"ã" Ð¢ÒÀÐ¢&&–â#¢°Ð¢'G7W#¢&F—7Bö6Æ’ÖFVfVÇBæ§2"ÀÐ¢'G7WÖæöFR#¢&F—7Bö6Æ’ÖæöFRæ§2 Ð¢ÒÀÐ¢&Væv–æW2#¢°Ð¢&æöFR#¢#ãÓ‚ Ð¢ÒÀÐ¢'VW$FWVæFVæ6–W2#¢°Ð¢$Ö–7&÷6ögBö’ÖW‡G&7F÷"#¢%ãrã3bã"ÀÐ¢$7v2ö6÷&R#¢%ã"ÀÐ¢'÷7F772#¢%ã‚ãBã""ÀÐ¢'G—W67&—B#¢#ãÓBãRã Ð¢ÒÀÐ¢'VW$FWVæFVæ6–W4ÖWF#¢°Ð¢$Ö–7&÷6ögBö’ÖW‡G&7F÷"#¢°Ð¢&÷F–öæÂ#¢G'VPÐ¢ÒÀÐ¢$7v2ö6÷&R#¢°Ð¢&÷F–öæÂ#¢G'VPÐ¢ÒÀÐ¢'÷7F772#¢°Ð¢&÷F–öæÂ#¢G'VPÐ¢ÒÀÐ¢'G—W67&—B#¢°Ð¢&÷F–öæÂ#¢G'VPÐ¢ÐÐ¢ÐÐ¢ÒÀÐ¢&æöFUöÖöGVÆW2÷G7WöæöFUöÖöGVÆW2ö6†ö¶–F"#¢°Ð¢'fW'6–öâ#¢#Bãã2"ÀÐ¢'&W6öÇfVB#¢&‡GG3¢ò÷&Vv—7G'’æçÖ§2æ÷&rö6†ö¶–F"òÒö6†ö¶–F"ÓBãã2çFw¢"ÀÐ¢&–çFVw&—G’#¢'6†S"Õw§S†¶d'fò¶4C“c&¦å¶µ3dF÷Tå3fsu#TÄe”§#F#…V#“E…V·47s•e†öU…%&FE$ä3T3¥U#%4ÔwFäÓÒ"ÀÐ¢&FWb#¢G'VRÀÐ¢&Æ–6Vç6R#¢$Ô•B"ÀÐ¢&FWVæFVæ6–W2#¢°Ð¢'&VFF—'#¢%ãBãã Ð¢ÒÀÐ¢&Væv–æW2#¢°Ð¢&æöFR#¢#ãÒBãbã Ð¢ÒÀÐ¢&gVæF–ær#¢°Ð¢'W&Â#¢&‡GG3¢ò÷VÆÖ–ÆÇ"æ6öÒögVæF–ærò Ð¢ÐÐ¢ÒÀÐ¢&æöFUöÖöGVÆW2÷G7WöæöFUöÖöGVÆW2÷&VFF—'#¢°Ð¢'fW'6–öâ#¢#Bãã""ÀÐ¢'&W6öÇfVB#¢&‡GG3¢ò÷&Vv—7G'’æçÖ§2æ÷&r÷&VFF—'òÒ÷&VFF—'ÓBãã"çFw¢"ÀÐ¢&–çFVw&—G’#¢'6†S"ÔtF‡v´Æg—utÃ'3gdV§–‡&’¶U†Ödƒf£Ãt¤S#uv‡ÆU—¦ö‚ô4D&”tV£$‚ô„e¤6âö´Öf–Ós4e‡„T¥GsewG…vsÓÒ"ÀÐ¢&FWb#¢G'VRÀÐ¢&Æ–6Vç6R#¢$Ô•B"ÀÐ¢&Væv–æW2#¢°Ð¢&æöFR#¢#ãÒBã‚ã Ð¢ÒÀÐ¢&gVæF–ær#¢°Ð¢'G—R#¢&–æF—f–GVÂ"ÀÐ¢'W&Â#¢&‡GG3¢ò÷VÆÖ–ÆÇ"æ6öÒögVæF–ærò Ð¢ÐÐ¢ÒÀÐ¢&æöFUöÖöGVÆW2÷G—W67&—B#¢°Ð¢'fW'6–öâ#¢#rãã""ÀÐ¢&FWb#¢G'VRÀÐ¢&Æ–6Vç6R#¢$6†RÓ"ã"ÀÐ¢&&–â#¢°Ð¢'G62#¢&&–â÷G62 Ð¢ÒÀÐ¢&Væv–æW2#¢°Ð¢&æöFR#¢#ãÓbã#ã Ð¢ÒÀÐ¢&÷F–öæÄFWVæFVæ6–W2#¢°Ð¢$G—W67&—B÷G—W67&—BÖ—‚×3cB#¢#rãã""ÀÐ¢$G—W67&—B÷G—W67&—BÖF'v–âÖ&ÓcB#¢#rãã""ÀÐ¢$G—W67&—B÷G—W67&—BÖF'v–â×ƒcB#¢#rãã""ÀÐ¢$G—W67&—B÷G—W67&—BÖg&VV'6BÖ&ÓcB#¢#rãã""ÀÐ¢$G—W67&—B÷G—W67&—BÖg&VV'6B×ƒcB#¢#rãã""ÀÐ¢$G—W67&—B÷G—W67&—BÖÆ–çW‚Ö&Ò#¢#rãã""ÀÐ¢$G—W67&—B÷G—W67&—BÖÆ–çW‚Ö&ÓcB#¢#rãã""ÀÐ¢$G—W67&—B÷G—W67&—BÖÆ–çW‚ÖÆööæscB#¢#rãã""ÀÐ¢$G—W67&—B÷G—W67&—BÖÆ–çW‚ÖÖ—3cFVÂ#¢#rãã""ÀÐ¢$G—W67&—B÷G—W67&—BÖÆ–çW‚×3cB#¢#rãã""ÀÐ¢$G—W67&—B÷G—W67&—BÖÆ–çW‚×&—67ccB#¢#rãã""ÀÐ¢$G—W67&—B÷G—W67&—BÖÆ–çW‚×33“‚#¢#rãã""ÀÐ¢$G—W67&—B÷G—W67&—BÖÆ–çW‚×ƒcB#¢#rãã""ÀÐ¢$G—W67&—B÷G—W67&—BÖæWF'6BÖ&ÓcB#¢#rãã""ÀÐ¢$G—W67&—B÷G—W67&—BÖæWF'6B×ƒcB#¢#rãã""ÀÐ¢$G—W67&—B÷G—W67&—BÖ÷Væ'6BÖ&ÓcB#¢#rãã""ÀÐ¢$G—W67&—B÷G—W67&—BÖ÷Væ'6B×ƒcB#¢#rãã""ÀÐ¢$G—W67&—B÷G—W67&—B×7Væ÷2×ƒcB#¢#rãã""ÀÐ¢$G—W67&—B÷G—W67&—B×v–ã3"Ö&ÓcB#¢#rãã""ÀÐ¢$G—W67&—B÷G—W67&—B×v–ã3"×ƒcB#¢#rãã" Ð¢ÐÐ¢ÒÀÐ¢&æöFUöÖöGVÆW2÷Vfò#¢°Ð¢'fW'6–öâ#¢#ãbãB"ÀÐ¢'&W6öÇfVB#¢&‡GG3¢ò÷&Vv—7G'’æçÖ§2æ÷&r÷VfòòÒ÷VfòÓãbãBçFw¢"ÀÐ¢&–çFVw&—G’#¢'6†S"Ô¤dæ&´C7gvS·dv“„töTÆ5F´uc—Gwd6F4‡‡õ4Ã‡7gc3•§U7f¦4C„"³TCTÃB·3—3$Bôód´ã75FU$ÓÒ"ÀÐ¢&FWb#¢G'VRÀÐ¢&Æ–6Vç6R#¢$Ô•B Ð¢ÒÀÐ¢&æöFUöÖöGVÆW2÷WFFRÖ'&÷w6W'6Æ—7BÖF"#¢°Ð¢'fW'6–öâ#¢#ã"ã2"ÀÐ¢&FWb#¢G'VRÀÐ¢&gVæF–ær#¢°Ð¢°Ð¢'G—R#¢&÷Væ6öÆÆV7F—fR"ÀÐ¢'W&Â#¢&‡GG3¢òö÷Væ6öÆÆV7F—fRæ6öÒö'&÷w6W'6Æ—7B Ð¢ÒÀÐ¢°Ð¢'G—R#¢'F–FVÆ–gB"ÀÐ¢'W&Â#¢&‡GG3¢ò÷F–FVÆ–gBæ6öÒögVæF–æröv—F‡V"öçÒö'&÷w6W'6Æ—7B Ð¢ÒÀÐ¢°Ð¢'G—R#¢&v—F‡V""ÀÐ¢'W&Â#¢&‡GG3¢òöv—F‡V"æ6öÒ÷7öç6÷'2ö’ Ð¢ÐÐ¢ÒÀÐ¢&Æ–6Vç6R#¢$Ô•B"ÀÐ¢&FWVæFVæ6–W2#¢°Ð¢&W66ÆFR#¢%ã2ã"ã"ÀÐ¢'–6ö6öÆ÷'2#¢%ããã Ð¢ÒÀÐ¢&&–â#¢°Ð¢'WFFRÖ'&÷w6W'6Æ—7BÖF"#¢&6Æ’æ§2 Ð¢ÒÀÐ¢'VW$FWVæFVæ6–W2#¢°Ð¢&'&÷w6W'6Æ—7B#¢#ãÒBã#ã Ð¢ÐÐ¢ÒÀÐ¢&æöFUöÖöGVÆW2÷WF–ÂÖFW&V6FR#¢°Ð¢'fW'6–öâ#¢#ãã""ÀÐ¢&FWb#¢G'VRÀÐ¢&Æ–6Vç6R#¢$Ô•B Ð¢ÒÀÐ¢&æöFUöÖöGVÆW2÷f—FR#¢°Ð¢'fW'6–öâ#¢#‚ã"ã"ÀÐ¢&FWb#¢G'VRÀÐ¢&Æ–6Vç6R#¢$Ô•B"ÀÐ¢&FWVæFVæ6–W2#¢°Ð¢&Æ–v‡Fæ–æv772#¢%ãã32ã"ÀÐ¢'–6öÖF6‚#¢%ãBããR"ÀÐ¢'÷7F772#¢%ã‚ãRã#2"ÀÐ¢'&öÆÆF÷vâ#¢'ãã"ã"ÀÐ¢'F–ç–vÆö&'’#¢%ãã"ãr Ð¢ÒÀÐ¢&&–â#¢°Ð¢'f—FR#¢&&–â÷f—FRæ§2 Ð¢ÒÀÐ¢&Væv–æW2#¢°Ð¢&æöFR#¢%ã#ã’ãÇÂãÓ#"ã"ã Ð¢ÒÀÐ¢&gVæF–ær#¢°Ð¢'W&Â#¢&‡GG3¢òöv—F‡V"æ6öÒ÷f—FV§2÷f—FS÷7öç6÷#Ó Ð¢ÒÀÐ¢&÷F–öæÄFWVæFVæ6–W2#¢°Ð¢&g6WfVçG2#¢'ã"ã2ã2 Ð¢ÒÀÐ¢'VW$FWVæFVæ6–W2#¢°Ð¢$G—W2öæöFR#¢%ã#ã’ãÇÂãÓ#"ã"ã"ÀÐ¢$f—FV§2öFWgFööÇ2#¢%ããBã"ÀÐ¢&W6'V–ÆB#¢%ãã#rãÇÂãã#‚ã"ÀÐ¢&¦—F’#¢#ãÓã#ã"ÀÐ¢&ÆW72#¢%ãBãã"ÀÐ¢'672#¢%ããsã"ÀÐ¢'672ÖVÖ&VFFVB#¢%ããsã"ÀÐ¢'7G–ÇW2#¢#ãÓãSBã‚"ÀÐ¢'7Vv'72#¢%ãRãã"ÀÐ¢'FW'6W"#¢%ãRãbã"ÀÐ¢'G7‚#¢%ãBã‚ã"ÀÐ¢'–ÖÂ#¢%ã"ãBã" Ð¢ÒÀÐ¢'VW$FWVæFVæ6–W4ÖWF#¢°Ð¢$G—W2öæöFR#¢°Ð¢&÷F–öæÂ#¢G'VPÐ¢ÒÀÐ¢$f—FV§2öFWgFööÇ2#¢°Ð¢&÷F–öæÂ#¢G'VPÐ¢ÒÀÐ¢&W6'V–ÆB#¢°Ð¢&÷F–öæÂ#¢G'VPÐ¢ÒÀÐ¢&¦—F’#¢°Ð¢&÷F–öæÂ#¢G'VPÐ¢ÒÀÐ¢&ÆW72#¢°Ð¢&÷F–öæÂ#¢G'VPÐ¢ÒÀÐ¢'672#¢°Ð¢&÷F–öæÂ#¢G'VPÐ¢ÒÀÐ¢'672ÖVÖ&VFFVB#¢°Ð¢&÷F–öæÂ#¢G'VPÐ¢ÒÀÐ¢'7G–ÇW2#¢°Ð¢&÷F–öæÂ#¢G'VPÐ¢ÒÀÐ¢'7Vv'72#¢°Ð¢&÷F–öæÂ#¢G'VPÐ¢ÒÀÐ¢'FW'6W"#¢°Ð¢&÷F–öæÂ#¢G'VPÐ¢ÒÀÐ¢'G7‚#¢°Ð¢&÷F–öæÂ#¢G'VPÐ¢ÒÀÐ¢'–ÖÂ#¢°Ð¢&÷F–öæÂ#¢G'VPÐ¢ÐÐ¢ÐÐ¢ÒÀÐ¢&æöFUöÖöGVÆW2÷f—FRöæöFUöÖöGVÆW2÷–6öÖF6‚#¢°Ð¢'fW'6–öâ#¢#BããR"ÀÐ¢&FWb#¢G'VRÀÐ¢&Æ–6Vç6R#¢$Ô•B"ÀÐ¢&Væv–æW2#¢°Ð¢&æöFR#¢#ãÓ" Ð¢ÒÀÐ¢&gVæF–ær#¢°Ð¢'W&Â#¢&‡GG3¢òöv—F‡V"æ6öÒ÷7öç6÷'2ö¦öç66†Æ–æ¶W'B Ð¢ÐÐ¢ÒÀÐ¢'6¶vW2÷67&öÆÂ×67'V"×f–FVò#¢°Ð¢'fW'6–öâ#¢#ãã"ÀÐ¢&Æ–6Vç6R#¢$Ô•B"ÀÐ¢&FWdFWVæFVæ6–W2#¢°Ð¢$G—W2÷&V7B#¢%ã’ã"ã‚"ÀÐ¢'G7W#¢%ã‚ãRã"ÀÐ¢'G—W67&—B#¢%ãRãrã2 Ð¢ÒÀÐ¢'VW$FWVæFVæ6–W2#¢°Ð¢'&V7B#¢#ãÓ‚ Ð¢ÐÐ¢ÒÀÐ¢'6¶vW2÷67&öÆÂ×67'V"×f–FVòöæöFUöÖöGVÆW2÷G—W67&—B#¢°Ð¢'fW'6–öâ#¢#Rã’ã2"ÀÐ¢'&W6öÇfVB#¢&‡GG3¢ò÷&Vv—7G'’æçÖ§2æ÷&r÷G—W67&—BòÒ÷G—W67&—BÓRã’ã2çFw¢"ÀÐ¢&–çFVw&—G’#¢'6†S"Ö¦Ãe§¥F–äÇ#–UWC4¢÷CucdftäWs•§d%G—7£”¶eDCCe$3%“GdµF–WeCF%†Æ#$†„Ç‡wFÓdÓUFu7sÓÒ"ÀÐ¢&FWb#¢G'VRÀÐ¢&Æ–6Vç6R#¢$6†RÓ"ã"ÀÐ¢&&–â#¢°Ð¢'G62#¢&&–â÷G62"ÀÐ¢'G76W'fW"#¢&&–â÷G76W'fW" Ð¢ÒÀÐ¢&Væv–æW2#¢°Ð¢&æöFR#¢#ãÓBãr Ð¢ÐÐ¢ÐÐ¢ÐÐ§ÐÐ